// !$*UTF8*$!
{
	archiveVersion = 1;
	classes = {
	};
	objectVersion = 56;
	objects = {

/* Begin PBXBuildFile section */
		C4DBE8212A41AF62002987CB /* AppDelegate.swift in Sources */ = {isa = PBXBuildFile; fileRef = C4DBE8202A41AF62002987CB /* AppDelegate.swift */; };
		C4DBE8232A41AF62002987CB /* SceneDelegate.swift in Sources */ = {isa = PBXBuildFile; fileRef = C4DBE8222A41AF62002987CB /* SceneDelegate.swift */; };
		C4DBE8252A41AF62002987CB /* HomeViewController.swift in Sources */ = {isa = PBXBuildFile; fileRef = C4DBE8242A41AF62002987CB /* HomeViewController.swift */; };
		C4DBE8282A41AF62002987CB /* Main.storyboard in Resources */ = {isa = PBXBuildFile; fileRef = C4DBE8262A41AF62002987CB /* Main.storyboard */; };
		C4DBE82A2A41AF63002987CB /* Assets.xcassets in Resources */ = {isa = PBXBuildFile; fileRef = C4DBE8292A41AF63002987CB /* Assets.xcassets */; };
		C4DBE82D2A41AF63002987CB /* LaunchScreen.storyboard in Resources */ = {isa = PBXBuildFile; fileRef = C4DBE82B2A41AF63002987CB /* LaunchScreen.storyboard */; };
		C4DBE8352A41B18B002987CB /* DiscoverViewController.swift in Sources */ = {isa = PBXBuildFile; fileRef = C4DBE8342A41B18B002987CB /* DiscoverViewController.swift */; };
		C4DBE8372A41B194002987CB /* MyTripViewController.swift in Sources */ = {isa = PBXBuildFile; fileRef = C4DBE8362A41B194002987CB /* MyTripViewController.swift */; };
		C4DBE8392A41B19B002987CB /* ProfileViewController.swift in Sources */ = {isa = PBXBuildFile; fileRef = C4DBE8382A41B19B002987CB /* ProfileViewController.swift */; };
		C4DBE8412A41B288002987CB /* TinyConstraints in Frameworks */ = {isa = PBXBuildFile; productRef = C4DBE8402A41B288002987CB /* TinyConstraints */; };
		C4DBE8442A41B2F7002987CB /* PopularCityCell.swift in Sources */ = {isa = PBXBuildFile; fileRef = C4DBE8432A41B2F7002987CB /* PopularCityCell.swift */; };
		C4DBE8462A41B312002987CB /* PopularCityHeaderView.swift in Sources */ = {isa = PBXBuildFile; fileRef = C4DBE8452A41B312002987CB /* PopularCityHeaderView.swift */; };
		C4DBE8482A41B329002987CB /* ItineraryCell.swift in Sources */ = {isa = PBXBuildFile; fileRef = C4DBE8472A41B329002987CB /* ItineraryCell.swift */; };
		C4DBE84B2A41B350002987CB /* UICollectionView+Identifier.swift in Sources */ = {isa = PBXBuildFile; fileRef = C4DBE84A2A41B350002987CB /* UICollectionView+Identifier.swift */; };
		C4DBE84D2A41B62E002987CB /* GoogleMapKey.plist in Resources */ = {isa = PBXBuildFile; fileRef = C4DBE84C2A41B62E002987CB /* GoogleMapKey.plist */; };
		C4DBE84F2A41B725002987CB /* GoogleMapsBase.xcframework in Frameworks */ = {isa = PBXBuildFile; fileRef = C4DBE84E2A41B725002987CB /* GoogleMapsBase.xcframework */; };
		C4DBE8512A41B73B002987CB /* GoogleMaps.xcframework in Frameworks */ = {isa = PBXBuildFile; fileRef = C4DBE8502A41B73B002987CB /* GoogleMaps.xcframework */; };
		C4DBE8532A41B742002987CB /* GoogleMapsCore.xcframework in Frameworks */ = {isa = PBXBuildFile; fileRef = C4DBE8522A41B742002987CB /* GoogleMapsCore.xcframework */; };
		C4DBE8552A41B83A002987CB /* GoogleMaps.bundle in Resources */ = {isa = PBXBuildFile; fileRef = C4DBE8542A41B83A002987CB /* GoogleMaps.bundle */; };
		C4DBE8582A41B893002987CB /* Accelerate.framework in Frameworks */ = {isa = PBXBuildFile; fileRef = C4DBE8572A41B893002987CB /* Accelerate.framework */; };
		C4DBE85A2A41B8A4002987CB /* CoreData.framework in Frameworks */ = {isa = PBXBuildFile; fileRef = C4DBE8592A41B8A4002987CB /* CoreData.framework */; };
		C4DBE85C2A41B8AC002987CB /* CoreGraphics.framework in Frameworks */ = {isa = PBXBuildFile; fileRef = C4DBE85B2A41B8AC002987CB /* CoreGraphics.framework */; };
		C4DBE85E2A41B8B7002987CB /* CoreImage.framework in Frameworks */ = {isa = PBXBuildFile; fileRef = C4DBE85D2A41B8B7002987CB /* CoreImage.framework */; };
		C4DBE8602A41B8BE002987CB /* CoreLocation.framework in Frameworks */ = {isa = PBXBuildFile; fileRef = C4DBE85F2A41B8BE002987CB /* CoreLocation.framework */; };
		C4DBE8622A41B8C4002987CB /* CoreTelephony.framework in Frameworks */ = {isa = PBXBuildFile; fileRef = C4DBE8612A41B8C4002987CB /* CoreTelephony.framework */; };
		C4DBE8642A41B8CC002987CB /* CoreText.framework in Frameworks */ = {isa = PBXBuildFile; fileRef = C4DBE8632A41B8CC002987CB /* CoreText.framework */; };
		C4DBE8662A41B8D2002987CB /* GLKit.framework in Frameworks */ = {isa = PBXBuildFile; fileRef = C4DBE8652A41B8D2002987CB /* GLKit.framework */; };
		C4DBE8682A41B8D9002987CB /* ImageIO.framework in Frameworks */ = {isa = PBXBuildFile; fileRef = C4DBE8672A41B8D9002987CB /* ImageIO.framework */; };
		C4DBE86A2A41B8DE002987CB /* libc++.tbd in Frameworks */ = {isa = PBXBuildFile; fileRef = C4DBE8692A41B8DE002987CB /* libc++.tbd */; };
		C4DBE86C2A41B8E7002987CB /* libz.tbd in Frameworks */ = {isa = PBXBuildFile; fileRef = C4DBE86B2A41B8E6002987CB /* libz.tbd */; };
		C4DBE86E2A41B8EC002987CB /* Metal.framework in Frameworks */ = {isa = PBXBuildFile; fileRef = C4DBE86D2A41B8EC002987CB /* Metal.framework */; };
		C4DBE8702A41B8F2002987CB /* OpenGLES.framework in Frameworks */ = {isa = PBXBuildFile; fileRef = C4DBE86F2A41B8F2002987CB /* OpenGLES.framework */; };
		C4DBE8722A41B8F8002987CB /* QuartzCore.framework in Frameworks */ = {isa = PBXBuildFile; fileRef = C4DBE8712A41B8F8002987CB /* QuartzCore.framework */; };
		C4DBE8742A41B901002987CB /* SystemConfiguration.framework in Frameworks */ = {isa = PBXBuildFile; fileRef = C4DBE8732A41B901002987CB /* SystemConfiguration.framework */; };
		C4DBE8762A41B906002987CB /* UIKit.framework in Frameworks */ = {isa = PBXBuildFile; fileRef = C4DBE8752A41B906002987CB /* UIKit.framework */; };
		C4DBE8782A41BA53002987CB /* GooglePlaces.xcframework in Frameworks */ = {isa = PBXBuildFile; fileRef = C4DBE8772A41BA53002987CB /* GooglePlaces.xcframework */; };
		C4DBE87A2A41BAA9002987CB /* GooglePlaces.bundle in Resources */ = {isa = PBXBuildFile; fileRef = C4DBE8792A41BAA9002987CB /* GooglePlaces.bundle */; };
/* End PBXBuildFile section */

/* Begin PBXFileReference section */
		C4DBE81D2A41AF62002987CB /* LettuceTrip.app */ = {isa = PBXFileReference; explicitFileType = wrapper.application; includeInIndex = 0; path = LettuceTrip.app; sourceTree = BUILT_PRODUCTS_DIR; };
		C4DBE8202A41AF62002987CB /* AppDelegate.swift */ = {isa = PBXFileReference; lastKnownFileType = sourcecode.swift; path = AppDelegate.swift; sourceTree = "<group>"; };
		C4DBE8222A41AF62002987CB /* SceneDelegate.swift */ = {isa = PBXFileReference; lastKnownFileType = sourcecode.swift; path = SceneDelegate.swift; sourceTree = "<group>"; };
		C4DBE8242A41AF62002987CB /* HomeViewController.swift */ = {isa = PBXFileReference; lastKnownFileType = sourcecode.swift; path = HomeViewController.swift; sourceTree = "<group>"; };
		C4DBE8272A41AF62002987CB /* Base */ = {isa = PBXFileReference; lastKnownFileType = file.storyboard; name = Base; path = Base.lproj/Main.storyboard; sourceTree = "<group>"; };
		C4DBE8292A41AF63002987CB /* Assets.xcassets */ = {isa = PBXFileReference; lastKnownFileType = folder.assetcatalog; path = Assets.xcassets; sourceTree = "<group>"; };
		C4DBE82C2A41AF63002987CB /* Base */ = {isa = PBXFileReference; lastKnownFileType = file.storyboard; name = Base; path = Base.lproj/LaunchScreen.storyboard; sourceTree = "<group>"; };
		C4DBE82E2A41AF63002987CB /* Info.plist */ = {isa = PBXFileReference; lastKnownFileType = text.plist.xml; path = Info.plist; sourceTree = "<group>"; };
		C4DBE8342A41B18B002987CB /* DiscoverViewController.swift */ = {isa = PBXFileReference; lastKnownFileType = sourcecode.swift; path = DiscoverViewController.swift; sourceTree = "<group>"; };
		C4DBE8362A41B194002987CB /* MyTripViewController.swift */ = {isa = PBXFileReference; lastKnownFileType = sourcecode.swift; path = MyTripViewController.swift; sourceTree = "<group>"; };
		C4DBE8382A41B19B002987CB /* ProfileViewController.swift */ = {isa = PBXFileReference; lastKnownFileType = sourcecode.swift; path = ProfileViewController.swift; sourceTree = "<group>"; };
		C4DBE8432A41B2F7002987CB /* PopularCityCell.swift */ = {isa = PBXFileReference; lastKnownFileType = sourcecode.swift; path = PopularCityCell.swift; sourceTree = "<group>"; };
		C4DBE8452A41B312002987CB /* PopularCityHeaderView.swift */ = {isa = PBXFileReference; lastKnownFileType = sourcecode.swift; path = PopularCityHeaderView.swift; sourceTree = "<group>"; };
		C4DBE8472A41B329002987CB /* ItineraryCell.swift */ = {isa = PBXFileReference; lastKnownFileType = sourcecode.swift; path = ItineraryCell.swift; sourceTree = "<group>"; };
		C4DBE84A2A41B350002987CB /* UICollectionView+Identifier.swift */ = {isa = PBXFileReference; lastKnownFileType = sourcecode.swift; path = "UICollectionView+Identifier.swift"; sourceTree = "<group>"; };
		C4DBE84C2A41B62E002987CB /* GoogleMapKey.plist */ = {isa = PBXFileReference; fileEncoding = 4; lastKnownFileType = text.plist.xml; path = GoogleMapKey.plist; sourceTree = "<group>"; };
		C4DBE84E2A41B725002987CB /* GoogleMapsBase.xcframework */ = {isa = PBXFileReference; lastKnownFileType = wrapper.xcframework; path = GoogleMapsBase.xcframework; sourceTree = "<group>"; };
		C4DBE8502A41B73B002987CB /* GoogleMaps.xcframework */ = {isa = PBXFileReference; lastKnownFileType = wrapper.xcframework; path = GoogleMaps.xcframework; sourceTree = "<group>"; };
		C4DBE8522A41B742002987CB /* GoogleMapsCore.xcframework */ = {isa = PBXFileReference; lastKnownFileType = wrapper.xcframework; path = GoogleMapsCore.xcframework; sourceTree = "<group>"; };
		C4DBE8542A41B83A002987CB /* GoogleMaps.bundle */ = {isa = PBXFileReference; lastKnownFileType = "wrapper.plug-in"; name = GoogleMaps.bundle; path = "GoogleMaps.xcframework/ios-arm64/GoogleMaps.framework/Resources/GoogleMaps.bundle"; sourceTree = "<group>"; };
		C4DBE8572A41B893002987CB /* Accelerate.framework */ = {isa = PBXFileReference; lastKnownFileType = wrapper.framework; name = Accelerate.framework; path = System/Library/Frameworks/Accelerate.framework; sourceTree = SDKROOT; };
		C4DBE8592A41B8A4002987CB /* CoreData.framework */ = {isa = PBXFileReference; lastKnownFileType = wrapper.framework; name = CoreData.framework; path = System/Library/Frameworks/CoreData.framework; sourceTree = SDKROOT; };
		C4DBE85B2A41B8AC002987CB /* CoreGraphics.framework */ = {isa = PBXFileReference; lastKnownFileType = wrapper.framework; name = CoreGraphics.framework; path = System/Library/Frameworks/CoreGraphics.framework; sourceTree = SDKROOT; };
		C4DBE85D2A41B8B7002987CB /* CoreImage.framework */ = {isa = PBXFileReference; lastKnownFileType = wrapper.framework; name = CoreImage.framework; path = System/Library/Frameworks/CoreImage.framework; sourceTree = SDKROOT; };
		C4DBE85F2A41B8BE002987CB /* CoreLocation.framework */ = {isa = PBXFileReference; lastKnownFileType = wrapper.framework; name = CoreLocation.framework; path = System/Library/Frameworks/CoreLocation.framework; sourceTree = SDKROOT; };
		C4DBE8612A41B8C4002987CB /* CoreTelephony.framework */ = {isa = PBXFileReference; lastKnownFileType = wrapper.framework; name = CoreTelephony.framework; path = System/Library/Frameworks/CoreTelephony.framework; sourceTree = SDKROOT; };
		C4DBE8632A41B8CC002987CB /* CoreText.framework */ = {isa = PBXFileReference; lastKnownFileType = wrapper.framework; name = CoreText.framework; path = System/Library/Frameworks/CoreText.framework; sourceTree = SDKROOT; };
		C4DBE8652A41B8D2002987CB /* GLKit.framework */ = {isa = PBXFileReference; lastKnownFileType = wrapper.framework; name = GLKit.framework; path = System/Library/Frameworks/GLKit.framework; sourceTree = SDKROOT; };
		C4DBE8672A41B8D9002987CB /* ImageIO.framework */ = {isa = PBXFileReference; lastKnownFileType = wrapper.framework; name = ImageIO.framework; path = System/Library/Frameworks/ImageIO.framework; sourceTree = SDKROOT; };
		C4DBE8692A41B8DE002987CB /* libc++.tbd */ = {isa = PBXFileReference; lastKnownFileType = "sourcecode.text-based-dylib-definition"; name = "libc++.tbd"; path = "usr/lib/libc++.tbd"; sourceTree = SDKROOT; };
		C4DBE86B2A41B8E6002987CB /* libz.tbd */ = {isa = PBXFileReference; lastKnownFileType = "sourcecode.text-based-dylib-definition"; name = libz.tbd; path = usr/lib/libz.tbd; sourceTree = SDKROOT; };
		C4DBE86D2A41B8EC002987CB /* Metal.framework */ = {isa = PBXFileReference; lastKnownFileType = wrapper.framework; name = Metal.framework; path = System/Library/Frameworks/Metal.framework; sourceTree = SDKROOT; };
		C4DBE86F2A41B8F2002987CB /* OpenGLES.framework */ = {isa = PBXFileReference; lastKnownFileType = wrapper.framework; name = OpenGLES.framework; path = System/Library/Frameworks/OpenGLES.framework; sourceTree = SDKROOT; };
		C4DBE8712A41B8F8002987CB /* QuartzCore.framework */ = {isa = PBXFileReference; lastKnownFileType = wrapper.framework; name = QuartzCore.framework; path = System/Library/Frameworks/QuartzCore.framework; sourceTree = SDKROOT; };
		C4DBE8732A41B901002987CB /* SystemConfiguration.framework */ = {isa = PBXFileReference; lastKnownFileType = wrapper.framework; name = SystemConfiguration.framework; path = System/Library/Frameworks/SystemConfiguration.framework; sourceTree = SDKROOT; };
		C4DBE8752A41B906002987CB /* UIKit.framework */ = {isa = PBXFileReference; lastKnownFileType = wrapper.framework; name = UIKit.framework; path = System/Library/Frameworks/UIKit.framework; sourceTree = SDKROOT; };
		C4DBE8772A41BA53002987CB /* GooglePlaces.xcframework */ = {isa = PBXFileReference; lastKnownFileType = wrapper.xcframework; path = GooglePlaces.xcframework; sourceTree = "<group>"; };
		C4DBE8792A41BAA9002987CB /* GooglePlaces.bundle */ = {isa = PBXFileReference; lastKnownFileType = "wrapper.plug-in"; name = GooglePlaces.bundle; path = "GooglePlaces.xcframework/ios-arm64/GooglePlaces.framework/Resources/GooglePlaces.bundle"; sourceTree = "<group>"; };
/* End PBXFileReference section */

/* Begin PBXFrameworksBuildPhase section */
		C4DBE81A2A41AF62002987CB /* Frameworks */ = {
			isa = PBXFrameworksBuildPhase;
			buildActionMask = 2147483647;
			files = (
				C4DBE8762A41B906002987CB /* UIKit.framework in Frameworks */,
				C4DBE8742A41B901002987CB /* SystemConfiguration.framework in Frameworks */,
				C4DBE8722A41B8F8002987CB /* QuartzCore.framework in Frameworks */,
				C4DBE8702A41B8F2002987CB /* OpenGLES.framework in Frameworks */,
				C4DBE86E2A41B8EC002987CB /* Metal.framework in Frameworks */,
				C4DBE86C2A41B8E7002987CB /* libz.tbd in Frameworks */,
				C4DBE86A2A41B8DE002987CB /* libc++.tbd in Frameworks */,
				C4DBE8682A41B8D9002987CB /* ImageIO.framework in Frameworks */,
				C4DBE8662A41B8D2002987CB /* GLKit.framework in Frameworks */,
				C4DBE8642A41B8CC002987CB /* CoreText.framework in Frameworks */,
				C4DBE8622A41B8C4002987CB /* CoreTelephony.framework in Frameworks */,
				C4DBE8602A41B8BE002987CB /* CoreLocation.framework in Frameworks */,
				C4DBE85E2A41B8B7002987CB /* CoreImage.framework in Frameworks */,
				C4DBE85C2A41B8AC002987CB /* CoreGraphics.framework in Frameworks */,
				C4DBE85A2A41B8A4002987CB /* CoreData.framework in Frameworks */,
				C4DBE8582A41B893002987CB /* Accelerate.framework in Frameworks */,
				C4DBE8532A41B742002987CB /* GoogleMapsCore.xcframework in Frameworks */,
				C4DBE8512A41B73B002987CB /* GoogleMaps.xcframework in Frameworks */,
				C4DBE84F2A41B725002987CB /* GoogleMapsBase.xcframework in Frameworks */,
				C4DBE8782A41BA53002987CB /* GooglePlaces.xcframework in Frameworks */,
				C4DBE8412A41B288002987CB /* TinyConstraints in Frameworks */,
			);
			runOnlyForDeploymentPostprocessing = 0;
		};
/* End PBXFrameworksBuildPhase section */

/* Begin PBXGroup section */
		C4DBE8142A41AF62002987CB = {
			isa = PBXGroup;
			children = (
				C4DBE81F2A41AF62002987CB /* LettuceTrip */,
				C4DBE81E2A41AF62002987CB /* Products */,
				C4DBE8562A41B893002987CB /* Frameworks */,
			);
			sourceTree = "<group>";
		};
		C4DBE81E2A41AF62002987CB /* Products */ = {
			isa = PBXGroup;
			children = (
				C4DBE81D2A41AF62002987CB /* LettuceTrip.app */,
			);
			name = Products;
			sourceTree = "<group>";
		};
		C4DBE81F2A41AF62002987CB /* LettuceTrip */ = {
			isa = PBXGroup;
			children = (
				C4DBE8792A41BAA9002987CB /* GooglePlaces.bundle */,
				C4DBE8542A41B83A002987CB /* GoogleMaps.bundle */,
				C4DBE8202A41AF62002987CB /* AppDelegate.swift */,
				C4DBE8222A41AF62002987CB /* SceneDelegate.swift */,
				C4DBE8262A41AF62002987CB /* Main.storyboard */,
				C4DBE8292A41AF63002987CB /* Assets.xcassets */,
				C4DBE82B2A41AF63002987CB /* LaunchScreen.storyboard */,
				C4DBE82E2A41AF63002987CB /* Info.plist */,
				C4DBE84C2A41B62E002987CB /* GoogleMapKey.plist */,
				C4DBE8492A41B32F002987CB /* Extensions */,
				C4DBE83A2A41B1A0002987CB /* Core */,
				C4DBE84E2A41B725002987CB /* GoogleMapsBase.xcframework */,
				C4DBE8502A41B73B002987CB /* GoogleMaps.xcframework */,
				C4DBE8522A41B742002987CB /* GoogleMapsCore.xcframework */,
				C4DBE8772A41BA53002987CB /* GooglePlaces.xcframework */,
			);
			path = LettuceTrip;
			sourceTree = "<group>";
		};
		C4DBE83A2A41B1A0002987CB /* Core */ = {
			isa = PBXGroup;
			children = (
				C4DBE83B2A41B1AD002987CB /* Home */,
				C4DBE83C2A41B1B8002987CB /* Discover */,
				C4DBE83D2A41B1C7002987CB /* MyTrip */,
				C4DBE83E2A41B1D5002987CB /* Profile */,
			);
			path = Core;
			sourceTree = "<group>";
		};
		C4DBE83B2A41B1AD002987CB /* Home */ = {
			isa = PBXGroup;
			children = (
				C4DBE8242A41AF62002987CB /* HomeViewController.swift */,
				C4DBE8422A41B2DC002987CB /* Views */,
			);
			path = Home;
			sourceTree = "<group>";
		};
		C4DBE83C2A41B1B8002987CB /* Discover */ = {
			isa = PBXGroup;
			children = (
				C4DBE8342A41B18B002987CB /* DiscoverViewController.swift */,
			);
			path = Discover;
			sourceTree = "<group>";
		};
		C4DBE83D2A41B1C7002987CB /* MyTrip */ = {
			isa = PBXGroup;
			children = (
				C4DBE8362A41B194002987CB /* MyTripViewController.swift */,
			);
			path = MyTrip;
			sourceTree = "<group>";
		};
		C4DBE83E2A41B1D5002987CB /* Profile */ = {
			isa = PBXGroup;
			children = (
				C4DBE8382A41B19B002987CB /* ProfileViewController.swift */,
			);
			path = Profile;
			sourceTree = "<group>";
		};
		C4DBE8422A41B2DC002987CB /* Views */ = {
			isa = PBXGroup;
			children = (
				C4DBE8432A41B2F7002987CB /* PopularCityCell.swift */,
				C4DBE8452A41B312002987CB /* PopularCityHeaderView.swift */,
				C4DBE8472A41B329002987CB /* ItineraryCell.swift */,
			);
			path = Views;
			sourceTree = "<group>";
		};
		C4DBE8492A41B32F002987CB /* Extensions */ = {
			isa = PBXGroup;
			children = (
				C4DBE84A2A41B350002987CB /* UICollectionView+Identifier.swift */,
			);
			path = Extensions;
			sourceTree = "<group>";
		};
		C4DBE8562A41B893002987CB /* Frameworks */ = {
			isa = PBXGroup;
			children = (
				C4DBE8752A41B906002987CB /* UIKit.framework */,
				C4DBE8732A41B901002987CB /* SystemConfiguration.framework */,
				C4DBE8712A41B8F8002987CB /* QuartzCore.framework */,
				C4DBE86F2A41B8F2002987CB /* OpenGLES.framework */,
				C4DBE86D2A41B8EC002987CB /* Metal.framework */,
				C4DBE86B2A41B8E6002987CB /* libz.tbd */,
				C4DBE8692A41B8DE002987CB /* libc++.tbd */,
				C4DBE8672A41B8D9002987CB /* ImageIO.framework */,
				C4DBE8652A41B8D2002987CB /* GLKit.framework */,
				C4DBE8632A41B8CC002987CB /* CoreText.framework */,
				C4DBE8612A41B8C4002987CB /* CoreTelephony.framework */,
				C4DBE85F2A41B8BE002987CB /* CoreLocation.framework */,
				C4DBE85D2A41B8B7002987CB /* CoreImage.framework */,
				C4DBE85B2A41B8AC002987CB /* CoreGraphics.framework */,
				C4DBE8592A41B8A4002987CB /* CoreData.framework */,
				C4DBE8572A41B893002987CB /* Accelerate.framework */,
			);
			name = Frameworks;
			sourceTree = "<group>";
		};
/* End PBXGroup section */

/* Begin PBXNativeTarget section */
		C4DBE81C2A41AF62002987CB /* LettuceTrip */ = {
			isa = PBXNativeTarget;
			buildConfigurationList = C4DBE8312A41AF63002987CB /* Build configuration list for PBXNativeTarget "LettuceTrip" */;
			buildPhases = (
				C4DBE8192A41AF62002987CB /* Sources */,
				C4DBE81A2A41AF62002987CB /* Frameworks */,
				C4DBE81B2A41AF62002987CB /* Resources */,
			);
			buildRules = (
			);
			dependencies = (
			);
			name = LettuceTrip;
			packageProductDependencies = (
				C4DBE8402A41B288002987CB /* TinyConstraints */,
			);
			productName = LettuceTrip;
			productReference = C4DBE81D2A41AF62002987CB /* LettuceTrip.app */;
			productType = "com.apple.product-type.application";
		};
/* End PBXNativeTarget section */

/* Begin PBXProject section */
		C4DBE8152A41AF62002987CB /* Project object */ = {
			isa = PBXProject;
			attributes = {
				BuildIndependentTargetsInParallel = 1;
				LastSwiftUpdateCheck = 1430;
				LastUpgradeCheck = 1430;
				TargetAttributes = {
					C4DBE81C2A41AF62002987CB = {
						CreatedOnToolsVersion = 14.3.1;
					};
				};
			};
			buildConfigurationList = C4DBE8182A41AF62002987CB /* Build configuration list for PBXProject "LettuceTrip" */;
			compatibilityVersion = "Xcode 14.0";
			developmentRegion = en;
			hasScannedForEncodings = 0;
			knownRegions = (
				en,
				Base,
			);
			mainGroup = C4DBE8142A41AF62002987CB;
			packageReferences = (
				C4DBE83F2A41B288002987CB /* XCRemoteSwiftPackageReference "TinyConstraints" */,
			);
			productRefGroup = C4DBE81E2A41AF62002987CB /* Products */;
			projectDirPath = "";
			projectRoot = "";
			targets = (
				C4DBE81C2A41AF62002987CB /* LettuceTrip */,
			);
		};
/* End PBXProject section */

/* Begin PBXResourcesBuildPhase section */
		C4DBE81B2A41AF62002987CB /* Resources */ = {
			isa = PBXResourcesBuildPhase;
			buildActionMask = 2147483647;
			files = (
				C4DBE84D2A41B62E002987CB /* GoogleMapKey.plist in Resources */,
				C4DBE82D2A41AF63002987CB /* LaunchScreen.storyboard in Resources */,
				C4DBE82A2A41AF63002987CB /* Assets.xcassets in Resources */,
				C4DBE8282A41AF62002987CB /* Main.storyboard in Resources */,
				C4DBE87A2A41BAA9002987CB /* GooglePlaces.bundle in Resources */,
				C4DBE8552A41B83A002987CB /* GoogleMaps.bundle in Resources */,
			);
			runOnlyForDeploymentPostprocessing = 0;
		};
/* End PBXResourcesBuildPhase section */

/* Begin PBXSourcesBuildPhase section */
		C4DBE8192A41AF62002987CB /* Sources */ = {
			isa = PBXSourcesBuildPhase;
			buildActionMask = 2147483647;
			files = (
				C4DBE8392A41B19B002987CB /* ProfileViewController.swift in Sources */,
				C4DBE84B2A41B350002987CB /* UICollectionView+Identifier.swift in Sources */,
				C4DBE8372A41B194002987CB /* MyTripViewController.swift in Sources */,
				C4DBE8482A41B329002987CB /* ItineraryCell.swift in Sources */,
				C4DBE8442A41B2F7002987CB /* PopularCityCell.swift in Sources */,
				C4DBE8252A41AF62002987CB /* HomeViewController.swift in Sources */,
				C4DBE8352A41B18B002987CB /* DiscoverViewController.swift in Sources */,
				C4DBE8212A41AF62002987CB /* AppDelegate.swift in Sources */,
				C4DBE8462A41B312002987CB /* PopularCityHeaderView.swift in Sources */,
				C4DBE8232A41AF62002987CB /* SceneDelegate.swift in Sources */,
			);
			runOnlyForDeploymentPostprocessing = 0;
		};
/* End PBXSourcesBuildPhase section */

/* Begin PBXVariantGroup section */
		C4DBE8262A41AF62002987CB /* Main.storyboard */ = {
			isa = PBXVariantGroup;
			children = (
				C4DBE8272A41AF62002987CB /* Base */,
			);
			name = Main.storyboard;
			sourceTree = "<group>";
		};
		C4DBE82B2A41AF63002987CB /* LaunchScreen.storyboard */ = {
			isa = PBXVariantGroup;
			children = (
				C4DBE82C2A41AF63002987CB /* Base */,
			);
			name = LaunchScreen.storyboard;
			sourceTree = "<group>";
		};
/* End PBXVariantGroup section */

/* Begin XCBuildConfiguration section */
		C4DBE82F2A41AF63002987CB /* Debug */ = {
			isa = XCBuildConfiguration;
			buildSettings = {
				ALWAYS_SEARCH_USER_PATHS = NO;
				CLANG_ANALYZER_NONNULL = YES;
				CLANG_ANALYZER_NUMBER_OBJECT_CONVERSION = YES_AGGRESSIVE;
				CLANG_CXX_LANGUAGE_STANDARD = "gnu++20";
				CLANG_ENABLE_MODULES = YES;
				CLANG_ENABLE_OBJC_ARC = YES;
				CLANG_ENABLE_OBJC_WEAK = YES;
				CLANG_WARN_BLOCK_CAPTURE_AUTORELEASING = YES;
				CLANG_WARN_BOOL_CONVERSION = YES;
				CLANG_WARN_COMMA = YES;
				CLANG_WARN_CONSTANT_CONVERSION = YES;
				CLANG_WARN_DEPRECATED_OBJC_IMPLEMENTATIONS = YES;
				CLANG_WARN_DIRECT_OBJC_ISA_USAGE = YES_ERROR;
				CLANG_WARN_DOCUMENTATION_COMMENTS = YES;
				CLANG_WARN_EMPTY_BODY = YES;
				CLANG_WARN_ENUM_CONVERSION = YES;
				CLANG_WARN_INFINITE_RECURSION = YES;
				CLANG_WARN_INT_CONVERSION = YES;
				CLANG_WARN_NON_LITERAL_NULL_CONVERSION = YES;
				CLANG_WARN_OBJC_IMPLICIT_RETAIN_SELF = YES;
				CLANG_WARN_OBJC_LITERAL_CONVERSION = YES;
				CLANG_WARN_OBJC_ROOT_CLASS = YES_ERROR;
				CLANG_WARN_QUOTED_INCLUDE_IN_FRAMEWORK_HEADER = YES;
				CLANG_WARN_RANGE_LOOP_ANALYSIS = YES;
				CLANG_WARN_STRICT_PROTOTYPES = YES;
				CLANG_WARN_SUSPICIOUS_MOVE = YES;
				CLANG_WARN_UNGUARDED_AVAILABILITY = YES_AGGRESSIVE;
				CLANG_WARN_UNREACHABLE_CODE = YES;
				CLANG_WARN__DUPLICATE_METHOD_MATCH = YES;
				COPY_PHASE_STRIP = NO;
				DEBUG_INFORMATION_FORMAT = dwarf;
				ENABLE_STRICT_OBJC_MSGSEND = YES;
				ENABLE_TESTABILITY = YES;
				GCC_C_LANGUAGE_STANDARD = gnu11;
				GCC_DYNAMIC_NO_PIC = NO;
				GCC_NO_COMMON_BLOCKS = YES;
				GCC_OPTIMIZATION_LEVEL = 0;
				GCC_PREPROCESSOR_DEFINITIONS = (
					"DEBUG=1",
					"$(inherited)",
				);
				GCC_WARN_64_TO_32_BIT_CONVERSION = YES;
				GCC_WARN_ABOUT_RETURN_TYPE = YES_ERROR;
				GCC_WARN_UNDECLARED_SELECTOR = YES;
				GCC_WARN_UNINITIALIZED_AUTOS = YES_AGGRESSIVE;
				GCC_WARN_UNUSED_FUNCTION = YES;
				GCC_WARN_UNUSED_VARIABLE = YES;
				IPHONEOS_DEPLOYMENT_TARGET = 16.0;
				MTL_ENABLE_DEBUG_INFO = INCLUDE_SOURCE;
				MTL_FAST_MATH = YES;
				ONLY_ACTIVE_ARCH = YES;
				OTHER_LDFLAGS = "";
				"OTHER_LDFLAGS[arch=*]" = "-ObjC";
				SDKROOT = iphoneos;
				SWIFT_ACTIVE_COMPILATION_CONDITIONS = DEBUG;
				SWIFT_OPTIMIZATION_LEVEL = "-Onone";
			};
			name = Debug;
		};
		C4DBE8302A41AF63002987CB /* Release */ = {
			isa = XCBuildConfiguration;
			buildSettings = {
				ALWAYS_SEARCH_USER_PATHS = NO;
				CLANG_ANALYZER_NONNULL = YES;
				CLANG_ANALYZER_NUMBER_OBJECT_CONVERSION = YES_AGGRESSIVE;
				CLANG_CXX_LANGUAGE_STANDARD = "gnu++20";
				CLANG_ENABLE_MODULES = YES;
				CLANG_ENABLE_OBJC_ARC = YES;
				CLANG_ENABLE_OBJC_WEAK = YES;
				CLANG_WARN_BLOCK_CAPTURE_AUTORELEASING = YES;
				CLANG_WARN_BOOL_CONVERSION = YES;
				CLANG_WARN_COMMA = YES;
				CLANG_WARN_CONSTANT_CONVERSION = YES;
				CLANG_WARN_DEPRECATED_OBJC_IMPLEMENTATIONS = YES;
				CLANG_WARN_DIRECT_OBJC_ISA_USAGE = YES_ERROR;
				CLANG_WARN_DOCUMENTATION_COMMENTS = YES;
				CLANG_WARN_EMPTY_BODY = YES;
				CLANG_WARN_ENUM_CONVERSION = YES;
				CLANG_WARN_INFINITE_RECURSION = YES;
				CLANG_WARN_INT_CONVERSION = YES;
				CLANG_WARN_NON_LITERAL_NULL_CONVERSION = YES;
				CLANG_WARN_OBJC_IMPLICIT_RETAIN_SELF = YES;
				CLANG_WARN_OBJC_LITERAL_CONVERSION = YES;
				CLANG_WARN_OBJC_ROOT_CLASS = YES_ERROR;
				CLANG_WARN_QUOTED_INCLUDE_IN_FRAMEWORK_HEADER = YES;
				CLANG_WARN_RANGE_LOOP_ANALYSIS = YES;
				CLANG_WARN_STRICT_PROTOTYPES = YES;
				CLANG_WARN_SUSPICIOUS_MOVE = YES;
				CLANG_WARN_UNGUARDED_AVAILABILITY = YES_AGGRESSIVE;
				CLANG_WARN_UNREACHABLE_CODE = YES;
				CLANG_WARN__DUPLICATE_METHOD_MATCH = YES;
				COPY_PHASE_STRIP = NO;
				DEBUG_INFORMATION_FORMAT = "dwarf-with-dsym";
				ENABLE_NS_ASSERTIONS = NO;
				ENABLE_STRICT_OBJC_MSGSEND = YES;
				GCC_C_LANGUAGE_STANDARD = gnu11;
				GCC_NO_COMMON_BLOCKS = YES;
				GCC_WARN_64_TO_32_BIT_CONVERSION = YES;
				GCC_WARN_ABOUT_RETURN_TYPE = YES_ERROR;
				GCC_WARN_UNDECLARED_SELECTOR = YES;
				GCC_WARN_UNINITIALIZED_AUTOS = YES_AGGRESSIVE;
				GCC_WARN_UNUSED_FUNCTION = YES;
				GCC_WARN_UNUSED_VARIABLE = YES;
				IPHONEOS_DEPLOYMENT_TARGET = 16.0;
				MTL_ENABLE_DEBUG_INFO = NO;
				MTL_FAST_MATH = YES;
				"OTHER_LDFLAGS[arch=*]" = "-ObjC";
				SDKROOT = iphoneos;
				SWIFT_COMPILATION_MODE = wholemodule;
				SWIFT_OPTIMIZATION_LEVEL = "-O";
				VALIDATE_PRODUCT = YES;
			};
			name = Release;
		};
		C4DBE8322A41AF63002987CB /* Debug */ = {
			isa = XCBuildConfiguration;
			buildSettings = {
				ASSETCATALOG_COMPILER_APPICON_NAME = AppIcon;
				ASSETCATALOG_COMPILER_GLOBAL_ACCENT_COLOR_NAME = AccentColor;
				CODE_SIGN_STYLE = Automatic;
				CURRENT_PROJECT_VERSION = 1;
				DEVELOPMENT_TEAM = C5NNGG4J5Q;
				GENERATE_INFOPLIST_FILE = YES;
				INFOPLIST_FILE = LettuceTrip/Info.plist;
				INFOPLIST_KEY_CFBundleDisplayName = "Lettuce Trip";
				INFOPLIST_KEY_LSApplicationCategoryType = "public.app-category.travel";
				INFOPLIST_KEY_UIApplicationSupportsIndirectInputEvents = YES;
				INFOPLIST_KEY_UILaunchStoryboardName = LaunchScreen;
				INFOPLIST_KEY_UIMainStoryboardFile = Main;
				INFOPLIST_KEY_UISupportedInterfaceOrientations = UIInterfaceOrientationPortrait;
				INFOPLIST_KEY_UISupportedInterfaceOrientations_iPad = "UIInterfaceOrientationLandscapeLeft UIInterfaceOrientationLandscapeRight UIInterfaceOrientationPortrait UIInterfaceOrientationPortraitUpsideDown";
				LD_RUNPATH_SEARCH_PATHS = (
					"$(inherited)",
					"@executable_path/Frameworks",
				);
				MARKETING_VERSION = 1.0;
				PRODUCT_BUNDLE_IDENTIFIER = com.miltonliu.LettuceTrip;
				PRODUCT_NAME = "$(TARGET_NAME)";
				SUPPORTED_PLATFORMS = "iphoneos iphonesimulator";
				SUPPORTS_MACCATALYST = NO;
				SUPPORTS_MAC_DESIGNED_FOR_IPHONE_IPAD = NO;
				SWIFT_EMIT_LOC_STRINGS = YES;
				SWIFT_VERSION = 5.0;
				TARGETED_DEVICE_FAMILY = 1;
			};
			name = Debug;
		};
		C4DBE8332A41AF63002987CB /* Release */ = {
			isa = XCBuildConfiguration;
			buildSettings = {
				ASSETCATALOG_COMPILER_APPICON_NAME = AppIcon;
				ASSETCATALOG_COMPILER_GLOBAL_ACCENT_COLOR_NAME = AccentColor;
				CODE_SIGN_STYLE = Automatic;
				CURRENT_PROJECT_VERSION = 1;
				DEVELOPMENT_TEAM = C5NNGG4J5Q;
				GENERATE_INFOPLIST_FILE = YES;
				INFOPLIST_FILE = LettuceTrip/Info.plist;
				INFOPLIST_KEY_CFBundleDisplayName = "Lettuce Trip";
				INFOPLIST_KEY_LSApplicationCategoryType = "public.app-category.travel";
				INFOPLIST_KEY_UIApplicationSupportsIndirectInputEvents = YES;
				INFOPLIST_KEY_UILaunchStoryboardName = LaunchScreen;
				INFOPLIST_KEY_UIMainStoryboardFile = Main;
				INFOPLIST_KEY_UISupportedInterfaceOrientations = UIInterfaceOrientationPortrait;
				INFOPLIST_KEY_UISupportedInterfaceOrientations_iPad = "UIInterfaceOrientationLandscapeLeft UIInterfaceOrientationLandscapeRight UIInterfaceOrientationPortrait UIInterfaceOrientationPortraitUpsideDown";
				LD_RUNPATH_SEARCH_PATHS = (
					"$(inherited)",
					"@executable_path/Frameworks",
				);
				MARKETING_VERSION = 1.0;
				PRODUCT_BUNDLE_IDENTIFIER = com.miltonliu.LettuceTrip;
				PRODUCT_NAME = "$(TARGET_NAME)";
				SUPPORTED_PLATFORMS = "iphoneos iphonesimulator";
				SUPPORTS_MACCATALYST = NO;
				SUPPORTS_MAC_DESIGNED_FOR_IPHONE_IPAD = NO;
				SWIFT_EMIT_LOC_STRINGS = YES;
				SWIFT_VERSION = 5.0;
				TARGETED_DEVICE_FAMILY = 1;
			};
			name = Release;
		};
/* End XCBuildConfiguration section */

/* Begin XCConfigurationList section */
		C4DBE8182A41AF62002987CB /* Build configuration list for PBXProject "LettuceTrip" */ = {
			isa = XCConfigurationList;
			buildConfigurations = (
				C4DBE82F2A41AF63002987CB /* Debug */,
				C4DBE8302A41AF63002987CB /* Release */,
			);
			defaultConfigurationIsVisible = 0;
			defaultConfigurationName = Release;
		};
		C4DBE8312A41AF63002987CB /* Build configuration list for PBXNativeTarget "LettuceTrip" */ = {
			isa = XCConfigurationList;
			buildConfigurations = (
				C4DBE8322A41AF63002987CB /* Debug */,
				C4DBE8332A41AF63002987CB /* Release */,
			);
			defaultConfigurationIsVisible = 0;
			defaultConfigurationName = Release;
		};
/* End XCConfigurationList section */

/* Begin XCRemoteSwiftPackageReference section */
		C4DBE83F2A41B288002987CB /* XCRemoteSwiftPackageReference "TinyConstraints" */ = {
			isa = XCRemoteSwiftPackageReference;
			repositoryURL = "https://github.com/roberthein/TinyConstraints.git";
			requirement = {
				kind = upToNextMajorVersion;
				minimumVersion = 4.0.0;
			};
		};
/* End XCRemoteSwiftPackageReference section */

/* Begin XCSwiftPackageProductDependency section */
		C4DBE8402A41B288002987CB /* TinyConstraints */ = {
			isa = XCSwiftPackageProductDependency;
			package = C4DBE83F2A41B288002987CB /* XCRemoteSwiftPackageReference "TinyConstraints" */;
			productName = TinyConstraints;
		};
/* End XCSwiftPackageProductDependency section */
	};
	rootObject = C4DBE8152A41AF62002987CB /* Project object */;
}
