// !$*UTF8*$!
{
	archiveVersion = 1;
	classes = {
	};
	objectVersion = 56;
	objects = {

/* Begin PBXBuildFile section */
		C4164CEB2A6A29EC007B87E8 /* LettuceTripTests.swift in Sources */ = {isa = PBXBuildFile; fileRef = C4164CEA2A6A29EC007B87E8 /* LettuceTripTests.swift */; };
		C4164CFA2A6A34AD007B87E8 /* FirebaseAppCheck in Frameworks */ = {isa = PBXBuildFile; productRef = C4164CF92A6A34AD007B87E8 /* FirebaseAppCheck */; };
		C4164CFC2A6A34AD007B87E8 /* FirebaseAuth in Frameworks */ = {isa = PBXBuildFile; productRef = C4164CFB2A6A34AD007B87E8 /* FirebaseAuth */; };
		C4164CFE2A6A34AD007B87E8 /* FirebaseCrashlytics in Frameworks */ = {isa = PBXBuildFile; productRef = C4164CFD2A6A34AD007B87E8 /* FirebaseCrashlytics */; };
		C4164D002A6A34AD007B87E8 /* FirebaseFirestore in Frameworks */ = {isa = PBXBuildFile; productRef = C4164CFF2A6A34AD007B87E8 /* FirebaseFirestore */; };
		C4164D022A6A34AD007B87E8 /* FirebaseStorage in Frameworks */ = {isa = PBXBuildFile; productRef = C4164D012A6A34AD007B87E8 /* FirebaseStorage */; };
		C4164D042A6A3513007B87E8 /* JGProgressHUD in Frameworks */ = {isa = PBXBuildFile; productRef = C4164D032A6A3513007B87E8 /* JGProgressHUD */; };
		C4164D062A6A3513007B87E8 /* SDWebImage in Frameworks */ = {isa = PBXBuildFile; productRef = C4164D052A6A3513007B87E8 /* SDWebImage */; };
		C4164D082A6C0A80007B87E8 /* EditTripViewModel.swift in Sources */ = {isa = PBXBuildFile; fileRef = C4164D072A6C0A80007B87E8 /* EditTripViewModel.swift */; };
		C4164D0B2A6CC540007B87E8 /* EditTripViewController+Delegate.swift in Sources */ = {isa = PBXBuildFile; fileRef = C4164D0A2A6CC540007B87E8 /* EditTripViewController+Delegate.swift */; };
		C4164D112A6CD5B5007B87E8 /* HomeViewModelTests.swift in Sources */ = {isa = PBXBuildFile; fileRef = C4164D102A6CD5B5007B87E8 /* HomeViewModelTests.swift */; };
		C4207B512A6E2EAC009B3CC8 /* MyTripViewModel.swift in Sources */ = {isa = PBXBuildFile; fileRef = C4207B502A6E2EAC009B3CC8 /* MyTripViewModel.swift */; };
		C4207B532A6E592A009B3CC8 /* README.md in Resources */ = {isa = PBXBuildFile; fileRef = C4207B522A6E592A009B3CC8 /* README.md */; };
		C42F51B02A454D5F00023305 /* LocationManager.swift in Sources */ = {isa = PBXBuildFile; fileRef = C42F51AF2A454D5F00023305 /* LocationManager.swift */; };
		C42F51B82A45936800023305 /* EditTripViewController.swift in Sources */ = {isa = PBXBuildFile; fileRef = C42F51B72A45936800023305 /* EditTripViewController.swift */; };
		C42F51C02A4598CB00023305 /* ArrangePlaceCell.swift in Sources */ = {isa = PBXBuildFile; fileRef = C42F51BF2A4598CB00023305 /* ArrangePlaceCell.swift */; };
		C42F51C42A45B60C00023305 /* CalendarCell.swift in Sources */ = {isa = PBXBuildFile; fileRef = C42F51C32A45B60C00023305 /* CalendarCell.swift */; };
		C42F51C62A45BD1D00023305 /* ChatRoomViewController.swift in Sources */ = {isa = PBXBuildFile; fileRef = C42F51C52A45BD1D00023305 /* ChatRoomViewController.swift */; };
		C42F51CA2A45E2AB00023305 /* MemberCircleCell.swift in Sources */ = {isa = PBXBuildFile; fileRef = C42F51C92A45E2AB00023305 /* MemberCircleCell.swift */; };
		C42F51CC2A46989600023305 /* UserMessageCell.swift in Sources */ = {isa = PBXBuildFile; fileRef = C42F51CB2A46989600023305 /* UserMessageCell.swift */; };
		C42F51CE2A469E7200023305 /* FriendMessageCell.swift in Sources */ = {isa = PBXBuildFile; fileRef = C42F51CD2A469E7200023305 /* FriendMessageCell.swift */; };
		C42F51D22A46ADDB00023305 /* UINavigationBar+Extension.swift in Sources */ = {isa = PBXBuildFile; fileRef = C42F51D12A46ADDB00023305 /* UINavigationBar+Extension.swift */; };
		C437575F2A6156DC009225E7 /* ProfileViewModel.swift in Sources */ = {isa = PBXBuildFile; fileRef = C437575E2A6156DC009225E7 /* ProfileViewModel.swift */; };
		C43757652A628402009225E7 /* LabelFactory.swift in Sources */ = {isa = PBXBuildFile; fileRef = C43757642A628402009225E7 /* LabelFactory.swift */; };
		C44DEABD2A5FCA6700AFB8C6 /* TabBarViewController.swift in Sources */ = {isa = PBXBuildFile; fileRef = C44DEABC2A5FCA6700AFB8C6 /* TabBarViewController.swift */; };
		C44DEABF2A5FCB9900AFB8C6 /* HomeViewModel.swift in Sources */ = {isa = PBXBuildFile; fileRef = C44DEABE2A5FCB9900AFB8C6 /* HomeViewModel.swift */; };
		C44DEAC12A5FCEAE00AFB8C6 /* LocationError.swift in Sources */ = {isa = PBXBuildFile; fileRef = C44DEAC02A5FCEAE00AFB8C6 /* LocationError.swift */; };
		C44DEAC32A5FD00600AFB8C6 /* DiscoverViewModel.swift in Sources */ = {isa = PBXBuildFile; fileRef = C44DEAC22A5FD00600AFB8C6 /* DiscoverViewModel.swift */; };
		C454133E2A48920D000D0685 /* ArrangePlaceDetailCell.swift in Sources */ = {isa = PBXBuildFile; fileRef = C454133C2A48920D000D0685 /* ArrangePlaceDetailCell.swift */; };
		C45413412A497145000D0685 /* Date+Extension.swift in Sources */ = {isa = PBXBuildFile; fileRef = C45413402A497145000D0685 /* Date+Extension.swift */; };
		C45413442A4A7FF0000D0685 /* SignInViewController.swift in Sources */ = {isa = PBXBuildFile; fileRef = C45413432A4A7FF0000D0685 /* SignInViewController.swift */; };
		C45413472A4A803E000D0685 /* FirebaseAuth in Frameworks */ = {isa = PBXBuildFile; productRef = C45413462A4A803E000D0685 /* FirebaseAuth */; };
		C454134B2A4A8871000D0685 /* FirebaseAuthHelper.swift in Sources */ = {isa = PBXBuildFile; fileRef = C454134A2A4A8871000D0685 /* FirebaseAuthHelper.swift */; };
		C454134D2A4A9937000D0685 /* AuthManager.swift in Sources */ = {isa = PBXBuildFile; fileRef = C454134C2A4A9937000D0685 /* AuthManager.swift */; };
		C480BDE82A56C3D100A1A7E5 /* BaseSettingViewController.swift in Sources */ = {isa = PBXBuildFile; fileRef = C480BDE72A56C3D100A1A7E5 /* BaseSettingViewController.swift */; };
		C480BDEA2A56C56E00A1A7E5 /* AppearanceViewController.swift in Sources */ = {isa = PBXBuildFile; fileRef = C480BDE92A56C56E00A1A7E5 /* AppearanceViewController.swift */; };
		C480BDF42A57F0D200A1A7E5 /* JGProgressHUD+Wrapper.swift in Sources */ = {isa = PBXBuildFile; fileRef = C480BDF32A57F0D200A1A7E5 /* JGProgressHUD+Wrapper.swift */; };
		C480BDFD2A58221C00A1A7E5 /* InfoPlist.strings in Resources */ = {isa = PBXBuildFile; fileRef = C480BDFB2A58221C00A1A7E5 /* InfoPlist.strings */; };
		C480BE002A58221C00A1A7E5 /* Localizable.strings in Resources */ = {isa = PBXBuildFile; fileRef = C480BDFE2A58221C00A1A7E5 /* Localizable.strings */; };
		C480BE032A590A9500A1A7E5 /* FirestoreManager.swift in Sources */ = {isa = PBXBuildFile; fileRef = C480BE022A590A9500A1A7E5 /* FirestoreManager.swift */; };
		C480BE062A590B0100A1A7E5 /* FirestoreHelper.swift in Sources */ = {isa = PBXBuildFile; fileRef = C480BE052A590B0100A1A7E5 /* FirestoreHelper.swift */; };
		C480BE0F2A591AFD00A1A7E5 /* FirebaseError.swift in Sources */ = {isa = PBXBuildFile; fileRef = C480BE0E2A591AFD00A1A7E5 /* FirebaseError.swift */; };
		C480BE1C2A596CA500A1A7E5 /* FirestoreManager+User.swift in Sources */ = {isa = PBXBuildFile; fileRef = C480BE1B2A596CA500A1A7E5 /* FirestoreManager+User.swift */; };
		C480BE1E2A5972C100A1A7E5 /* FirestoreManager+Place.swift in Sources */ = {isa = PBXBuildFile; fileRef = C480BE1D2A5972C100A1A7E5 /* FirestoreManager+Place.swift */; };
		C480BE212A59734000A1A7E5 /* FirestoreManager+ChatRoom.swift in Sources */ = {isa = PBXBuildFile; fileRef = C480BE202A59734000A1A7E5 /* FirestoreManager+ChatRoom.swift */; };
		C480BE2E2A5A581000A1A7E5 /* UnsplashPhotoPicker in Frameworks */ = {isa = PBXBuildFile; productRef = C480BE2D2A5A581000A1A7E5 /* UnsplashPhotoPicker */; };
		C480BE302A5A588300A1A7E5 /* UnsplashKeys.plist in Resources */ = {isa = PBXBuildFile; fileRef = C480BE2F2A5A588300A1A7E5 /* UnsplashKeys.plist */; };
		C480BE322A5A59F500A1A7E5 /* UnsplashKey.swift in Sources */ = {isa = PBXBuildFile; fileRef = C480BE312A5A59F500A1A7E5 /* UnsplashKey.swift */; };
		C480BE352A5A5FDD00A1A7E5 /* SDWebImage in Frameworks */ = {isa = PBXBuildFile; productRef = C480BE342A5A5FDD00A1A7E5 /* SDWebImage */; };
		C488C1622A6570CB006853CC /* ArrangePlaceDetailCell.xib in Resources */ = {isa = PBXBuildFile; fileRef = C488C1642A6570CB006853CC /* ArrangePlaceDetailCell.xib */; };
		C488C1762A6671AD006853CC /* TripWidgetViewBundle.swift in Sources */ = {isa = PBXBuildFile; fileRef = C488C1752A6671AD006853CC /* TripWidgetViewBundle.swift */; };
		C488C1782A6671AD006853CC /* TripWidgetView.swift in Sources */ = {isa = PBXBuildFile; fileRef = C488C1772A6671AD006853CC /* TripWidgetView.swift */; };
		C488C17A2A6671AE006853CC /* Assets.xcassets in Resources */ = {isa = PBXBuildFile; fileRef = C488C1792A6671AE006853CC /* Assets.xcassets */; };
		C488C17E2A6671AE006853CC /* TripWidgetViewExtension.appex in Embed Foundation Extensions */ = {isa = PBXBuildFile; fileRef = C488C16F2A6671AD006853CC /* TripWidgetViewExtension.appex */; settings = {ATTRIBUTES = (RemoveHeadersOnCopy, ); }; };
		C488C1842A669F40006853CC /* FirebaseAuth in Frameworks */ = {isa = PBXBuildFile; productRef = C488C1832A669F40006853CC /* FirebaseAuth */; };
		C488C1862A669F45006853CC /* FirebaseFirestore in Frameworks */ = {isa = PBXBuildFile; productRef = C488C1852A669F45006853CC /* FirebaseFirestore */; };
		C488C1882A66AF33006853CC /* FirebaseFirestoreSwift in Frameworks */ = {isa = PBXBuildFile; productRef = C488C1872A66AF33006853CC /* FirebaseFirestoreSwift */; };
		C488C1892A66B22F006853CC /* GoogleService-Info.plist in Resources */ = {isa = PBXBuildFile; fileRef = C4DBE89E2A41C0E3002987CB /* GoogleService-Info.plist */; };
		C488C1A12A66BA29006853CC /* WidgetKit.framework in Frameworks */ = {isa = PBXBuildFile; fileRef = C488C1702A6671AD006853CC /* WidgetKit.framework */; };
		C488C1A42A66BA2A006853CC /* SwiftUI.framework in Frameworks */ = {isa = PBXBuildFile; fileRef = C488C1722A6671AD006853CC /* SwiftUI.framework */; };
		C48E48902A4C2A3D00949E08 /* SettingModel.swift in Sources */ = {isa = PBXBuildFile; fileRef = C48E488F2A4C2A3D00949E08 /* SettingModel.swift */; };
		C48E48922A4C330A00949E08 /* ProfileHeaderView.swift in Sources */ = {isa = PBXBuildFile; fileRef = C48E48912A4C330A00949E08 /* ProfileHeaderView.swift */; };
		C48E6FF62A62EEE400087B06 /* PlaceDetailViewModel.swift in Sources */ = {isa = PBXBuildFile; fileRef = C48E6FF52A62EEE400087B06 /* PlaceDetailViewModel.swift */; };
		C48E6FFA2A63AAB800087B06 /* ChatRoomViewModel.swift in Sources */ = {isa = PBXBuildFile; fileRef = C48E6FF92A63AAB800087B06 /* ChatRoomViewModel.swift */; };
		C48E6FFE2A63BEE100087B06 /* WishListViewModel.swift in Sources */ = {isa = PBXBuildFile; fileRef = C48E6FFD2A63BEE100087B06 /* WishListViewModel.swift */; };
		C48E70012A64372700087B06 /* ArrangePlaceViewModel.swift in Sources */ = {isa = PBXBuildFile; fileRef = C48E70002A64372700087B06 /* ArrangePlaceViewModel.swift */; };
		C48E70062A64DF8700087B06 /* GPlaceError.swift in Sources */ = {isa = PBXBuildFile; fileRef = C48E70052A64DF8700087B06 /* GPlaceError.swift */; };
		C4C0F0532A512142002F59B3 /* GooglePlaces.xcframework in Frameworks */ = {isa = PBXBuildFile; fileRef = C4C0F0522A512142002F59B3 /* GooglePlaces.xcframework */; };
		C4C0F0552A512158002F59B3 /* GooglePlaces.bundle in Resources */ = {isa = PBXBuildFile; fileRef = C4C0F0542A512158002F59B3 /* GooglePlaces.bundle */; };
		C4C0F0582A512182002F59B3 /* CoreGraphics.framework in Frameworks */ = {isa = PBXBuildFile; fileRef = C4C0F0572A512182002F59B3 /* CoreGraphics.framework */; };
		C4C0F05A2A51218B002F59B3 /* CoreLocation.framework in Frameworks */ = {isa = PBXBuildFile; fileRef = C4C0F0592A51218B002F59B3 /* CoreLocation.framework */; };
		C4C0F05C2A512196002F59B3 /* libc++.tbd in Frameworks */ = {isa = PBXBuildFile; fileRef = C4C0F05B2A512196002F59B3 /* libc++.tbd */; };
		C4C0F05E2A51219C002F59B3 /* libz.tbd in Frameworks */ = {isa = PBXBuildFile; fileRef = C4C0F05D2A51219C002F59B3 /* libz.tbd */; };
		C4C0F0602A5121A4002F59B3 /* QuartzCore.framework in Frameworks */ = {isa = PBXBuildFile; fileRef = C4C0F05F2A5121A4002F59B3 /* QuartzCore.framework */; };
		C4C0F0622A5121AA002F59B3 /* UIKit.framework in Frameworks */ = {isa = PBXBuildFile; fileRef = C4C0F0612A5121AA002F59B3 /* UIKit.framework */; };
		C4CBD42D2A4FD097009108C6 /* GPlaceResponse.swift in Sources */ = {isa = PBXBuildFile; fileRef = C4CBD42C2A4FD097009108C6 /* GPlaceResponse.swift */; };
		C4CBD42F2A4FD122009108C6 /* GPlaceAPIManager.swift in Sources */ = {isa = PBXBuildFile; fileRef = C4CBD42E2A4FD122009108C6 /* GPlaceAPIManager.swift */; };
		C4CBD4312A4FD1BA009108C6 /* GPlaceAPIKey.plist in Resources */ = {isa = PBXBuildFile; fileRef = C4CBD4302A4FD1BA009108C6 /* GPlaceAPIKey.plist */; };
		C4CBD4432A4FECA2009108C6 /* GMSPlace+Combine.swift in Sources */ = {isa = PBXBuildFile; fileRef = C4CBD4422A4FECA2009108C6 /* GMSPlace+Combine.swift */; };
		C4CC0BF32A46C51C00E03758 /* ChatRoomMemberView.swift in Sources */ = {isa = PBXBuildFile; fileRef = C4CC0BF22A46C51C00E03758 /* ChatRoomMemberView.swift */; };
		C4CC0BF62A46FA3E00E03758 /* JGProgressHUD in Frameworks */ = {isa = PBXBuildFile; productRef = C4CC0BF52A46FA3E00E03758 /* JGProgressHUD */; };
		C4CC0BFE2A481E0100E03758 /* ScheduleView.swift in Sources */ = {isa = PBXBuildFile; fileRef = C4CC0BFD2A481E0100E03758 /* ScheduleView.swift */; };
		C4CC0C002A48255B00E03758 /* WishListViewController.swift in Sources */ = {isa = PBXBuildFile; fileRef = C4CC0BFF2A48255B00E03758 /* WishListViewController.swift */; };
		C4CC0C042A48465300E03758 /* ArrangePlaceViewController.swift in Sources */ = {isa = PBXBuildFile; fileRef = C4CC0C032A48465300E03758 /* ArrangePlaceViewController.swift */; };
		C4CC0C082A48499200E03758 /* LocationMapCell.swift in Sources */ = {isa = PBXBuildFile; fileRef = C4CC0C062A48499200E03758 /* LocationMapCell.swift */; };
		C4DAD9102A551EFB003D7A13 /* FirebaseCrashlytics in Frameworks */ = {isa = PBXBuildFile; productRef = C4DAD90F2A551EFB003D7A13 /* FirebaseCrashlytics */; };
		C4DBE8212A41AF62002987CB /* AppDelegate.swift in Sources */ = {isa = PBXBuildFile; fileRef = C4DBE8202A41AF62002987CB /* AppDelegate.swift */; };
		C4DBE8232A41AF62002987CB /* SceneDelegate.swift in Sources */ = {isa = PBXBuildFile; fileRef = C4DBE8222A41AF62002987CB /* SceneDelegate.swift */; };
		C4DBE8252A41AF62002987CB /* HomeViewController.swift in Sources */ = {isa = PBXBuildFile; fileRef = C4DBE8242A41AF62002987CB /* HomeViewController.swift */; };
		C4DBE82A2A41AF63002987CB /* Assets.xcassets in Resources */ = {isa = PBXBuildFile; fileRef = C4DBE8292A41AF63002987CB /* Assets.xcassets */; };
		C4DBE82D2A41AF63002987CB /* LaunchScreen.storyboard in Resources */ = {isa = PBXBuildFile; fileRef = C4DBE82B2A41AF63002987CB /* LaunchScreen.storyboard */; };
		C4DBE8352A41B18B002987CB /* DiscoverViewController.swift in Sources */ = {isa = PBXBuildFile; fileRef = C4DBE8342A41B18B002987CB /* DiscoverViewController.swift */; };
		C4DBE8372A41B194002987CB /* MyTripViewController.swift in Sources */ = {isa = PBXBuildFile; fileRef = C4DBE8362A41B194002987CB /* MyTripViewController.swift */; };
		C4DBE8392A41B19B002987CB /* ProfileViewController.swift in Sources */ = {isa = PBXBuildFile; fileRef = C4DBE8382A41B19B002987CB /* ProfileViewController.swift */; };
		C4DBE8412A41B288002987CB /* TinyConstraints in Frameworks */ = {isa = PBXBuildFile; productRef = C4DBE8402A41B288002987CB /* TinyConstraints */; };
		C4DBE8462A41B312002987CB /* ItineraryHeaderView.swift in Sources */ = {isa = PBXBuildFile; fileRef = C4DBE8452A41B312002987CB /* ItineraryHeaderView.swift */; };
		C4DBE8482A41B329002987CB /* ItineraryCell.swift in Sources */ = {isa = PBXBuildFile; fileRef = C4DBE8472A41B329002987CB /* ItineraryCell.swift */; };
		C4DBE84B2A41B350002987CB /* UICollectionView+Identifier.swift in Sources */ = {isa = PBXBuildFile; fileRef = C4DBE84A2A41B350002987CB /* UICollectionView+Identifier.swift */; };
		C4DBE8822A41BC02002987CB /* RoundedTextField.swift in Sources */ = {isa = PBXBuildFile; fileRef = C4DBE8812A41BC02002987CB /* RoundedTextField.swift */; };
		C4DBE8882A41BC60002987CB /* PlaceDetailViewController.swift in Sources */ = {isa = PBXBuildFile; fileRef = C4DBE8872A41BC60002987CB /* PlaceDetailViewController.swift */; };
		C4DBE88A2A41BC7B002987CB /* PlaceInfoCell.swift in Sources */ = {isa = PBXBuildFile; fileRef = C4DBE8892A41BC7B002987CB /* PlaceInfoCell.swift */; };
		C4DBE88C2A41BC8F002987CB /* PlaceInfoCellViewModel.swift in Sources */ = {isa = PBXBuildFile; fileRef = C4DBE88B2A41BC8F002987CB /* PlaceInfoCellViewModel.swift */; };
		C4DBE88E2A41BCAB002987CB /* PlaceAboutCell.swift in Sources */ = {isa = PBXBuildFile; fileRef = C4DBE88D2A41BCAB002987CB /* PlaceAboutCell.swift */; };
		C4DBE8902A41BCC3002987CB /* PlaceAboutCellViewModel.swift in Sources */ = {isa = PBXBuildFile; fileRef = C4DBE88F2A41BCC3002987CB /* PlaceAboutCellViewModel.swift */; };
		C4DBE8922A41BCDC002987CB /* PlacePhotoHeaderView.swift in Sources */ = {isa = PBXBuildFile; fileRef = C4DBE8912A41BCDC002987CB /* PlacePhotoHeaderView.swift */; };
		C4DBE8942A41BCED002987CB /* PlaceInfoHeaderView.swift in Sources */ = {isa = PBXBuildFile; fileRef = C4DBE8932A41BCED002987CB /* PlaceInfoHeaderView.swift */; };
		C4DBE8962A41BD00002987CB /* UITableView+Identifier.swift in Sources */ = {isa = PBXBuildFile; fileRef = C4DBE8952A41BD00002987CB /* UITableView+Identifier.swift */; };
		C4DBE8982A41BD10002987CB /* UIViewController+Alert.swift in Sources */ = {isa = PBXBuildFile; fileRef = C4DBE8972A41BD10002987CB /* UIViewController+Alert.swift */; };
		C4DBE89B2A41BD7B002987CB /* Cosmos in Frameworks */ = {isa = PBXBuildFile; productRef = C4DBE89A2A41BD7B002987CB /* Cosmos */; };
		C4DBE89D2A41BD8C002987CB /* RatingStarView.swift in Sources */ = {isa = PBXBuildFile; fileRef = C4DBE89C2A41BD8C002987CB /* RatingStarView.swift */; };
		C4DBE89F2A41C0E3002987CB /* GoogleService-Info.plist in Resources */ = {isa = PBXBuildFile; fileRef = C4DBE89E2A41C0E3002987CB /* GoogleService-Info.plist */; };
		C4DBE8A22A41C158002987CB /* FirebaseFirestore in Frameworks */ = {isa = PBXBuildFile; productRef = C4DBE8A12A41C158002987CB /* FirebaseFirestore */; };
		C4DBE8A42A41C158002987CB /* FirebaseFirestoreSwift in Frameworks */ = {isa = PBXBuildFile; productRef = C4DBE8A32A41C158002987CB /* FirebaseFirestoreSwift */; };
		C4DBE8AD2A41D696002987CB /* UIStackView+Extension.swift in Sources */ = {isa = PBXBuildFile; fileRef = C4DBE8A92A41D696002987CB /* UIStackView+Extension.swift */; };
		C4DBE8AE2A41D696002987CB /* SelectionView.swift in Sources */ = {isa = PBXBuildFile; fileRef = C4DBE8AA2A41D696002987CB /* SelectionView.swift */; };
		C4DBE8AF2A41D696002987CB /* SelectionViewDelegate.swift in Sources */ = {isa = PBXBuildFile; fileRef = C4DBE8AB2A41D696002987CB /* SelectionViewDelegate.swift */; };
		C4DBE8B02A41D696002987CB /* SelectionViewDataSource.swift in Sources */ = {isa = PBXBuildFile; fileRef = C4DBE8AC2A41D696002987CB /* SelectionViewDataSource.swift */; };
		C4DBE8B22A41DD83002987CB /* TripCell.swift in Sources */ = {isa = PBXBuildFile; fileRef = C4DBE8B12A41DD83002987CB /* TripCell.swift */; };
		C4DBE8B52A428797002987CB /* AddNewTripViewController.swift in Sources */ = {isa = PBXBuildFile; fileRef = C4DBE8B42A428797002987CB /* AddNewTripViewController.swift */; };
		C4DBE8C42A42B363002987CB /* IQKeyboardManagerSwift in Frameworks */ = {isa = PBXBuildFile; productRef = C4DBE8C32A42B363002987CB /* IQKeyboardManagerSwift */; };
		C4DBE8C82A42D446002987CB /* LTUser.swift in Sources */ = {isa = PBXBuildFile; fileRef = C4DBE8C72A42D446002987CB /* LTUser.swift */; };
		C4DBE8CA2A42D49B002987CB /* Trip.swift in Sources */ = {isa = PBXBuildFile; fileRef = C4DBE8C92A42D49B002987CB /* Trip.swift */; };
		C4DBE8CE2A4306BB002987CB /* SearchViewController.swift in Sources */ = {isa = PBXBuildFile; fileRef = C4DBE8CD2A4306BB002987CB /* SearchViewController.swift */; };
		C4DBE8D02A4355A2002987CB /* MKPointOfInterestCategory+Extension.swift in Sources */ = {isa = PBXBuildFile; fileRef = C4DBE8CF2A4355A2002987CB /* MKPointOfInterestCategory+Extension.swift */; };
		C4DBE8D22A43E116002987CB /* MKPlaceMark+Extension.swift in Sources */ = {isa = PBXBuildFile; fileRef = C4DBE8D12A43E116002987CB /* MKPlaceMark+Extension.swift */; };
		C4EF99F72A5C04F300B1C4BC /* StorageManager.swift in Sources */ = {isa = PBXBuildFile; fileRef = C4EF99F62A5C04F300B1C4BC /* StorageManager.swift */; };
		C4EF99F92A5C051A00B1C4BC /* FirebaseStorage in Frameworks */ = {isa = PBXBuildFile; productRef = C4EF99F82A5C051A00B1C4BC /* FirebaseStorage */; };
		C4EF99FB2A5C09E900B1C4BC /* SDWebImage+Wrapper.swift in Sources */ = {isa = PBXBuildFile; fileRef = C4EF99FA2A5C09E900B1C4BC /* SDWebImage+Wrapper.swift */; };
		C4EF99FD2A5C309500B1C4BC /* UIImage+Extension.swift in Sources */ = {isa = PBXBuildFile; fileRef = C4EF99FC2A5C309500B1C4BC /* UIImage+Extension.swift */; };
		C4FF5E3F2A72756D00721F50 /* Editing.png in Resources */ = {isa = PBXBuildFile; fileRef = C4FF5E3D2A72756C00721F50 /* Editing.png */; };
		C4FF5E402A72756D00721F50 /* Discover.png in Resources */ = {isa = PBXBuildFile; fileRef = C4FF5E3E2A72756D00721F50 /* Discover.png */; };
/* End PBXBuildFile section */

/* Begin PBXContainerItemProxy section */
		C4164CEC2A6A29EC007B87E8 /* PBXContainerItemProxy */ = {
			isa = PBXContainerItemProxy;
			containerPortal = C4DBE8152A41AF62002987CB /* Project object */;
			proxyType = 1;
			remoteGlobalIDString = C4DBE81C2A41AF62002987CB;
			remoteInfo = LettuceTrip;
		};
		C488C17C2A6671AE006853CC /* PBXContainerItemProxy */ = {
			isa = PBXContainerItemProxy;
			containerPortal = C4DBE8152A41AF62002987CB /* Project object */;
			proxyType = 1;
			remoteGlobalIDString = C488C16E2A6671AD006853CC;
			remoteInfo = TripWidgetViewExtension;
		};
/* End PBXContainerItemProxy section */

/* Begin PBXCopyFilesBuildPhase section */
		C488C17F2A6671AE006853CC /* Embed Foundation Extensions */ = {
			isa = PBXCopyFilesBuildPhase;
			buildActionMask = 2147483647;
			dstPath = "";
			dstSubfolderSpec = 13;
			files = (
				C488C17E2A6671AE006853CC /* TripWidgetViewExtension.appex in Embed Foundation Extensions */,
			);
			name = "Embed Foundation Extensions";
			runOnlyForDeploymentPostprocessing = 0;
		};
/* End PBXCopyFilesBuildPhase section */

/* Begin PBXFileReference section */
		C4164CE82A6A29EC007B87E8 /* LettuceTripTests.xctest */ = {isa = PBXFileReference; explicitFileType = wrapper.cfbundle; includeInIndex = 0; path = LettuceTripTests.xctest; sourceTree = BUILT_PRODUCTS_DIR; };
		C4164CEA2A6A29EC007B87E8 /* LettuceTripTests.swift */ = {isa = PBXFileReference; lastKnownFileType = sourcecode.swift; path = LettuceTripTests.swift; sourceTree = "<group>"; };
		C4164D072A6C0A80007B87E8 /* EditTripViewModel.swift */ = {isa = PBXFileReference; lastKnownFileType = sourcecode.swift; path = EditTripViewModel.swift; sourceTree = "<group>"; };
		C4164D0A2A6CC540007B87E8 /* EditTripViewController+Delegate.swift */ = {isa = PBXFileReference; lastKnownFileType = sourcecode.swift; path = "EditTripViewController+Delegate.swift"; sourceTree = "<group>"; };
		C4164D102A6CD5B5007B87E8 /* HomeViewModelTests.swift */ = {isa = PBXFileReference; lastKnownFileType = sourcecode.swift; path = HomeViewModelTests.swift; sourceTree = "<group>"; };
		C4207B502A6E2EAC009B3CC8 /* MyTripViewModel.swift */ = {isa = PBXFileReference; lastKnownFileType = sourcecode.swift; path = MyTripViewModel.swift; sourceTree = "<group>"; };
		C4207B522A6E592A009B3CC8 /* README.md */ = {isa = PBXFileReference; fileEncoding = 4; lastKnownFileType = net.daringfireball.markdown; path = README.md; sourceTree = "<group>"; };
		C42F51AF2A454D5F00023305 /* LocationManager.swift */ = {isa = PBXFileReference; lastKnownFileType = sourcecode.swift; path = LocationManager.swift; sourceTree = "<group>"; };
		C42F51B72A45936800023305 /* EditTripViewController.swift */ = {isa = PBXFileReference; lastKnownFileType = sourcecode.swift; path = EditTripViewController.swift; sourceTree = "<group>"; };
		C42F51BF2A4598CB00023305 /* ArrangePlaceCell.swift */ = {isa = PBXFileReference; lastKnownFileType = sourcecode.swift; path = ArrangePlaceCell.swift; sourceTree = "<group>"; };
		C42F51C32A45B60C00023305 /* CalendarCell.swift */ = {isa = PBXFileReference; lastKnownFileType = sourcecode.swift; path = CalendarCell.swift; sourceTree = "<group>"; };
		C42F51C52A45BD1D00023305 /* ChatRoomViewController.swift */ = {isa = PBXFileReference; lastKnownFileType = sourcecode.swift; path = ChatRoomViewController.swift; sourceTree = "<group>"; };
		C42F51C92A45E2AB00023305 /* MemberCircleCell.swift */ = {isa = PBXFileReference; lastKnownFileType = sourcecode.swift; path = MemberCircleCell.swift; sourceTree = "<group>"; };
		C42F51CB2A46989600023305 /* UserMessageCell.swift */ = {isa = PBXFileReference; lastKnownFileType = sourcecode.swift; path = UserMessageCell.swift; sourceTree = "<group>"; };
		C42F51CD2A469E7200023305 /* FriendMessageCell.swift */ = {isa = PBXFileReference; lastKnownFileType = sourcecode.swift; path = FriendMessageCell.swift; sourceTree = "<group>"; };
		C42F51D12A46ADDB00023305 /* UINavigationBar+Extension.swift */ = {isa = PBXFileReference; lastKnownFileType = sourcecode.swift; path = "UINavigationBar+Extension.swift"; sourceTree = "<group>"; };
		C437575E2A6156DC009225E7 /* ProfileViewModel.swift */ = {isa = PBXFileReference; lastKnownFileType = sourcecode.swift; path = ProfileViewModel.swift; sourceTree = "<group>"; };
		C43757642A628402009225E7 /* LabelFactory.swift */ = {isa = PBXFileReference; lastKnownFileType = sourcecode.swift; path = LabelFactory.swift; sourceTree = "<group>"; };
		C44DEABC2A5FCA6700AFB8C6 /* TabBarViewController.swift */ = {isa = PBXFileReference; lastKnownFileType = sourcecode.swift; path = TabBarViewController.swift; sourceTree = "<group>"; };
		C44DEABE2A5FCB9900AFB8C6 /* HomeViewModel.swift */ = {isa = PBXFileReference; lastKnownFileType = sourcecode.swift; path = HomeViewModel.swift; sourceTree = "<group>"; };
		C44DEAC02A5FCEAE00AFB8C6 /* LocationError.swift */ = {isa = PBXFileReference; lastKnownFileType = sourcecode.swift; path = LocationError.swift; sourceTree = "<group>"; };
		C44DEAC22A5FD00600AFB8C6 /* DiscoverViewModel.swift */ = {isa = PBXFileReference; lastKnownFileType = sourcecode.swift; path = DiscoverViewModel.swift; sourceTree = "<group>"; };
		C454133C2A48920D000D0685 /* ArrangePlaceDetailCell.swift */ = {isa = PBXFileReference; lastKnownFileType = sourcecode.swift; path = ArrangePlaceDetailCell.swift; sourceTree = "<group>"; };
		C45413402A497145000D0685 /* Date+Extension.swift */ = {isa = PBXFileReference; lastKnownFileType = sourcecode.swift; path = "Date+Extension.swift"; sourceTree = "<group>"; };
		C45413422A4A7E4F000D0685 /* LettuceTrip.entitlements */ = {isa = PBXFileReference; lastKnownFileType = text.plist.entitlements; path = LettuceTrip.entitlements; sourceTree = "<group>"; };
		C45413432A4A7FF0000D0685 /* SignInViewController.swift */ = {isa = PBXFileReference; lastKnownFileType = sourcecode.swift; path = SignInViewController.swift; sourceTree = "<group>"; };
		C454134A2A4A8871000D0685 /* FirebaseAuthHelper.swift */ = {isa = PBXFileReference; lastKnownFileType = sourcecode.swift; path = FirebaseAuthHelper.swift; sourceTree = "<group>"; };
		C454134C2A4A9937000D0685 /* AuthManager.swift */ = {isa = PBXFileReference; lastKnownFileType = sourcecode.swift; path = AuthManager.swift; sourceTree = "<group>"; };
		C480BDE72A56C3D100A1A7E5 /* BaseSettingViewController.swift */ = {isa = PBXFileReference; lastKnownFileType = sourcecode.swift; path = BaseSettingViewController.swift; sourceTree = "<group>"; };
		C480BDE92A56C56E00A1A7E5 /* AppearanceViewController.swift */ = {isa = PBXFileReference; lastKnownFileType = sourcecode.swift; path = AppearanceViewController.swift; sourceTree = "<group>"; };
		C480BDF32A57F0D200A1A7E5 /* JGProgressHUD+Wrapper.swift */ = {isa = PBXFileReference; lastKnownFileType = sourcecode.swift; path = "JGProgressHUD+Wrapper.swift"; sourceTree = "<group>"; };
		C480BDFA2A581D1300A1A7E5 /* zh-Hant */ = {isa = PBXFileReference; lastKnownFileType = text.plist.strings; name = "zh-Hant"; path = "zh-Hant.lproj/LaunchScreen.strings"; sourceTree = "<group>"; };
		C480BDFC2A58221C00A1A7E5 /* zh-Hant */ = {isa = PBXFileReference; lastKnownFileType = text.plist.strings; name = "zh-Hant"; path = "zh-Hant.lproj/InfoPlist.strings"; sourceTree = "<group>"; };
		C480BDFF2A58221C00A1A7E5 /* zh-Hant */ = {isa = PBXFileReference; lastKnownFileType = text.plist.strings; name = "zh-Hant"; path = "zh-Hant.lproj/Localizable.strings"; sourceTree = "<group>"; };
		C480BE022A590A9500A1A7E5 /* FirestoreManager.swift */ = {isa = PBXFileReference; lastKnownFileType = sourcecode.swift; path = FirestoreManager.swift; sourceTree = "<group>"; };
		C480BE052A590B0100A1A7E5 /* FirestoreHelper.swift */ = {isa = PBXFileReference; lastKnownFileType = sourcecode.swift; path = FirestoreHelper.swift; sourceTree = "<group>"; };
		C480BE0E2A591AFD00A1A7E5 /* FirebaseError.swift */ = {isa = PBXFileReference; lastKnownFileType = sourcecode.swift; path = FirebaseError.swift; sourceTree = "<group>"; };
		C480BE1B2A596CA500A1A7E5 /* FirestoreManager+User.swift */ = {isa = PBXFileReference; lastKnownFileType = sourcecode.swift; path = "FirestoreManager+User.swift"; sourceTree = "<group>"; };
		C480BE1D2A5972C100A1A7E5 /* FirestoreManager+Place.swift */ = {isa = PBXFileReference; lastKnownFileType = sourcecode.swift; path = "FirestoreManager+Place.swift"; sourceTree = "<group>"; };
		C480BE202A59734000A1A7E5 /* FirestoreManager+ChatRoom.swift */ = {isa = PBXFileReference; lastKnownFileType = sourcecode.swift; path = "FirestoreManager+ChatRoom.swift"; sourceTree = "<group>"; };
		C480BE2F2A5A588300A1A7E5 /* UnsplashKeys.plist */ = {isa = PBXFileReference; lastKnownFileType = text.plist.xml; path = UnsplashKeys.plist; sourceTree = "<group>"; };
		C480BE312A5A59F500A1A7E5 /* UnsplashKey.swift */ = {isa = PBXFileReference; lastKnownFileType = sourcecode.swift; path = UnsplashKey.swift; sourceTree = "<group>"; };
		C488C1652A6570D7006853CC /* Base */ = {isa = PBXFileReference; lastKnownFileType = file.xib; name = Base; path = Base.lproj/ArrangePlaceDetailCell.xib; sourceTree = "<group>"; };
		C488C1662A6571FA006853CC /* zh-Hant */ = {isa = PBXFileReference; lastKnownFileType = text.plist.strings; name = "zh-Hant"; path = "zh-Hant.lproj/ArrangePlaceDetailCell.strings"; sourceTree = "<group>"; };
		C488C16F2A6671AD006853CC /* TripWidgetViewExtension.appex */ = {isa = PBXFileReference; explicitFileType = "wrapper.app-extension"; includeInIndex = 0; path = TripWidgetViewExtension.appex; sourceTree = BUILT_PRODUCTS_DIR; };
		C488C1702A6671AD006853CC /* WidgetKit.framework */ = {isa = PBXFileReference; lastKnownFileType = wrapper.framework; name = WidgetKit.framework; path = System/Library/Frameworks/WidgetKit.framework; sourceTree = SDKROOT; };
		C488C1722A6671AD006853CC /* SwiftUI.framework */ = {isa = PBXFileReference; lastKnownFileType = wrapper.framework; name = SwiftUI.framework; path = System/Library/Frameworks/SwiftUI.framework; sourceTree = SDKROOT; };
		C488C1752A6671AD006853CC /* TripWidgetViewBundle.swift */ = {isa = PBXFileReference; lastKnownFileType = sourcecode.swift; path = TripWidgetViewBundle.swift; sourceTree = "<group>"; };
		C488C1772A6671AD006853CC /* TripWidgetView.swift */ = {isa = PBXFileReference; lastKnownFileType = sourcecode.swift; path = TripWidgetView.swift; sourceTree = "<group>"; };
		C488C1792A6671AE006853CC /* Assets.xcassets */ = {isa = PBXFileReference; lastKnownFileType = folder.assetcatalog; path = Assets.xcassets; sourceTree = "<group>"; };
		C488C17B2A6671AE006853CC /* Info.plist */ = {isa = PBXFileReference; lastKnownFileType = text.plist.xml; path = Info.plist; sourceTree = "<group>"; };
		C488C1C72A66D17B006853CC /* TripWidgetViewExtension.entitlements */ = {isa = PBXFileReference; lastKnownFileType = text.plist.entitlements; path = TripWidgetViewExtension.entitlements; sourceTree = "<group>"; };
		C48E488F2A4C2A3D00949E08 /* SettingModel.swift */ = {isa = PBXFileReference; lastKnownFileType = sourcecode.swift; path = SettingModel.swift; sourceTree = "<group>"; };
		C48E48912A4C330A00949E08 /* ProfileHeaderView.swift */ = {isa = PBXFileReference; lastKnownFileType = sourcecode.swift; path = ProfileHeaderView.swift; sourceTree = "<group>"; };
		C48E6FF52A62EEE400087B06 /* PlaceDetailViewModel.swift */ = {isa = PBXFileReference; lastKnownFileType = sourcecode.swift; path = PlaceDetailViewModel.swift; sourceTree = "<group>"; };
		C48E6FF92A63AAB800087B06 /* ChatRoomViewModel.swift */ = {isa = PBXFileReference; lastKnownFileType = sourcecode.swift; path = ChatRoomViewModel.swift; sourceTree = "<group>"; };
		C48E6FFD2A63BEE100087B06 /* WishListViewModel.swift */ = {isa = PBXFileReference; lastKnownFileType = sourcecode.swift; path = WishListViewModel.swift; sourceTree = "<group>"; };
		C48E70002A64372700087B06 /* ArrangePlaceViewModel.swift */ = {isa = PBXFileReference; lastKnownFileType = sourcecode.swift; path = ArrangePlaceViewModel.swift; sourceTree = "<group>"; };
		C48E70052A64DF8700087B06 /* GPlaceError.swift */ = {isa = PBXFileReference; lastKnownFileType = sourcecode.swift; path = GPlaceError.swift; sourceTree = "<group>"; };
		C4C0F0522A512142002F59B3 /* GooglePlaces.xcframework */ = {isa = PBXFileReference; lastKnownFileType = wrapper.xcframework; path = GooglePlaces.xcframework; sourceTree = "<group>"; };
		C4C0F0542A512158002F59B3 /* GooglePlaces.bundle */ = {isa = PBXFileReference; lastKnownFileType = "wrapper.plug-in"; name = GooglePlaces.bundle; path = "GooglePlaces.xcframework/ios-arm64/GooglePlaces.framework/Resources/GooglePlaces.bundle"; sourceTree = "<group>"; };
		C4C0F0572A512182002F59B3 /* CoreGraphics.framework */ = {isa = PBXFileReference; lastKnownFileType = wrapper.framework; name = CoreGraphics.framework; path = System/Library/Frameworks/CoreGraphics.framework; sourceTree = SDKROOT; };
		C4C0F0592A51218B002F59B3 /* CoreLocation.framework */ = {isa = PBXFileReference; lastKnownFileType = wrapper.framework; name = CoreLocation.framework; path = System/Library/Frameworks/CoreLocation.framework; sourceTree = SDKROOT; };
		C4C0F05B2A512196002F59B3 /* libc++.tbd */ = {isa = PBXFileReference; lastKnownFileType = "sourcecode.text-based-dylib-definition"; name = "libc++.tbd"; path = "usr/lib/libc++.tbd"; sourceTree = SDKROOT; };
		C4C0F05D2A51219C002F59B3 /* libz.tbd */ = {isa = PBXFileReference; lastKnownFileType = "sourcecode.text-based-dylib-definition"; name = libz.tbd; path = usr/lib/libz.tbd; sourceTree = SDKROOT; };
		C4C0F05F2A5121A4002F59B3 /* QuartzCore.framework */ = {isa = PBXFileReference; lastKnownFileType = wrapper.framework; name = QuartzCore.framework; path = System/Library/Frameworks/QuartzCore.framework; sourceTree = SDKROOT; };
		C4C0F0612A5121AA002F59B3 /* UIKit.framework */ = {isa = PBXFileReference; lastKnownFileType = wrapper.framework; name = UIKit.framework; path = System/Library/Frameworks/UIKit.framework; sourceTree = SDKROOT; };
		C4CBD42C2A4FD097009108C6 /* GPlaceResponse.swift */ = {isa = PBXFileReference; lastKnownFileType = sourcecode.swift; path = GPlaceResponse.swift; sourceTree = "<group>"; };
		C4CBD42E2A4FD122009108C6 /* GPlaceAPIManager.swift */ = {isa = PBXFileReference; lastKnownFileType = sourcecode.swift; path = GPlaceAPIManager.swift; sourceTree = "<group>"; };
		C4CBD4302A4FD1BA009108C6 /* GPlaceAPIKey.plist */ = {isa = PBXFileReference; lastKnownFileType = text.plist.xml; path = GPlaceAPIKey.plist; sourceTree = "<group>"; };
		C4CBD4422A4FECA2009108C6 /* GMSPlace+Combine.swift */ = {isa = PBXFileReference; lastKnownFileType = sourcecode.swift; path = "GMSPlace+Combine.swift"; sourceTree = "<group>"; };
		C4CC0BF22A46C51C00E03758 /* ChatRoomMemberView.swift */ = {isa = PBXFileReference; lastKnownFileType = sourcecode.swift; path = ChatRoomMemberView.swift; sourceTree = "<group>"; };
		C4CC0BFD2A481E0100E03758 /* ScheduleView.swift */ = {isa = PBXFileReference; lastKnownFileType = sourcecode.swift; path = ScheduleView.swift; sourceTree = "<group>"; };
		C4CC0BFF2A48255B00E03758 /* WishListViewController.swift */ = {isa = PBXFileReference; lastKnownFileType = sourcecode.swift; path = WishListViewController.swift; sourceTree = "<group>"; };
		C4CC0C032A48465300E03758 /* ArrangePlaceViewController.swift */ = {isa = PBXFileReference; lastKnownFileType = sourcecode.swift; path = ArrangePlaceViewController.swift; sourceTree = "<group>"; };
		C4CC0C062A48499200E03758 /* LocationMapCell.swift */ = {isa = PBXFileReference; lastKnownFileType = sourcecode.swift; path = LocationMapCell.swift; sourceTree = "<group>"; };
		C4DBE81D2A41AF62002987CB /* LettuceTrip.app */ = {isa = PBXFileReference; explicitFileType = wrapper.application; includeInIndex = 0; path = LettuceTrip.app; sourceTree = BUILT_PRODUCTS_DIR; };
		C4DBE8202A41AF62002987CB /* AppDelegate.swift */ = {isa = PBXFileReference; lastKnownFileType = sourcecode.swift; path = AppDelegate.swift; sourceTree = "<group>"; };
		C4DBE8222A41AF62002987CB /* SceneDelegate.swift */ = {isa = PBXFileReference; lastKnownFileType = sourcecode.swift; path = SceneDelegate.swift; sourceTree = "<group>"; };
		C4DBE8242A41AF62002987CB /* HomeViewController.swift */ = {isa = PBXFileReference; lastKnownFileType = sourcecode.swift; path = HomeViewController.swift; sourceTree = "<group>"; };
		C4DBE8292A41AF63002987CB /* Assets.xcassets */ = {isa = PBXFileReference; lastKnownFileType = folder.assetcatalog; path = Assets.xcassets; sourceTree = "<group>"; };
		C4DBE82C2A41AF63002987CB /* Base */ = {isa = PBXFileReference; lastKnownFileType = file.storyboard; name = Base; path = Base.lproj/LaunchScreen.storyboard; sourceTree = "<group>"; };
		C4DBE82E2A41AF63002987CB /* Info.plist */ = {isa = PBXFileReference; lastKnownFileType = text.plist.xml; path = Info.plist; sourceTree = "<group>"; };
		C4DBE8342A41B18B002987CB /* DiscoverViewController.swift */ = {isa = PBXFileReference; lastKnownFileType = sourcecode.swift; path = DiscoverViewController.swift; sourceTree = "<group>"; };
		C4DBE8362A41B194002987CB /* MyTripViewController.swift */ = {isa = PBXFileReference; lastKnownFileType = sourcecode.swift; path = MyTripViewController.swift; sourceTree = "<group>"; };
		C4DBE8382A41B19B002987CB /* ProfileViewController.swift */ = {isa = PBXFileReference; lastKnownFileType = sourcecode.swift; path = ProfileViewController.swift; sourceTree = "<group>"; };
		C4DBE8452A41B312002987CB /* ItineraryHeaderView.swift */ = {isa = PBXFileReference; lastKnownFileType = sourcecode.swift; path = ItineraryHeaderView.swift; sourceTree = "<group>"; };
		C4DBE8472A41B329002987CB /* ItineraryCell.swift */ = {isa = PBXFileReference; lastKnownFileType = sourcecode.swift; path = ItineraryCell.swift; sourceTree = "<group>"; };
		C4DBE84A2A41B350002987CB /* UICollectionView+Identifier.swift */ = {isa = PBXFileReference; lastKnownFileType = sourcecode.swift; path = "UICollectionView+Identifier.swift"; sourceTree = "<group>"; };
		C4DBE8812A41BC02002987CB /* RoundedTextField.swift */ = {isa = PBXFileReference; lastKnownFileType = sourcecode.swift; path = RoundedTextField.swift; sourceTree = "<group>"; };
		C4DBE8872A41BC60002987CB /* PlaceDetailViewController.swift */ = {isa = PBXFileReference; lastKnownFileType = sourcecode.swift; path = PlaceDetailViewController.swift; sourceTree = "<group>"; };
		C4DBE8892A41BC7B002987CB /* PlaceInfoCell.swift */ = {isa = PBXFileReference; lastKnownFileType = sourcecode.swift; path = PlaceInfoCell.swift; sourceTree = "<group>"; };
		C4DBE88B2A41BC8F002987CB /* PlaceInfoCellViewModel.swift */ = {isa = PBXFileReference; lastKnownFileType = sourcecode.swift; path = PlaceInfoCellViewModel.swift; sourceTree = "<group>"; };
		C4DBE88D2A41BCAB002987CB /* PlaceAboutCell.swift */ = {isa = PBXFileReference; lastKnownFileType = sourcecode.swift; path = PlaceAboutCell.swift; sourceTree = "<group>"; };
		C4DBE88F2A41BCC3002987CB /* PlaceAboutCellViewModel.swift */ = {isa = PBXFileReference; lastKnownFileType = sourcecode.swift; path = PlaceAboutCellViewModel.swift; sourceTree = "<group>"; };
		C4DBE8912A41BCDC002987CB /* PlacePhotoHeaderView.swift */ = {isa = PBXFileReference; lastKnownFileType = sourcecode.swift; path = PlacePhotoHeaderView.swift; sourceTree = "<group>"; };
		C4DBE8932A41BCED002987CB /* PlaceInfoHeaderView.swift */ = {isa = PBXFileReference; lastKnownFileType = sourcecode.swift; path = PlaceInfoHeaderView.swift; sourceTree = "<group>"; };
		C4DBE8952A41BD00002987CB /* UITableView+Identifier.swift */ = {isa = PBXFileReference; lastKnownFileType = sourcecode.swift; path = "UITableView+Identifier.swift"; sourceTree = "<group>"; };
		C4DBE8972A41BD10002987CB /* UIViewController+Alert.swift */ = {isa = PBXFileReference; lastKnownFileType = sourcecode.swift; path = "UIViewController+Alert.swift"; sourceTree = "<group>"; };
		C4DBE89C2A41BD8C002987CB /* RatingStarView.swift */ = {isa = PBXFileReference; lastKnownFileType = sourcecode.swift; path = RatingStarView.swift; sourceTree = "<group>"; };
		C4DBE89E2A41C0E3002987CB /* GoogleService-Info.plist */ = {isa = PBXFileReference; fileEncoding = 4; lastKnownFileType = text.plist.xml; path = "GoogleService-Info.plist"; sourceTree = "<group>"; };
		C4DBE8A92A41D696002987CB /* UIStackView+Extension.swift */ = {isa = PBXFileReference; fileEncoding = 4; lastKnownFileType = sourcecode.swift; path = "UIStackView+Extension.swift"; sourceTree = "<group>"; };
		C4DBE8AA2A41D696002987CB /* SelectionView.swift */ = {isa = PBXFileReference; fileEncoding = 4; lastKnownFileType = sourcecode.swift; path = SelectionView.swift; sourceTree = "<group>"; };
		C4DBE8AB2A41D696002987CB /* SelectionViewDelegate.swift */ = {isa = PBXFileReference; fileEncoding = 4; lastKnownFileType = sourcecode.swift; path = SelectionViewDelegate.swift; sourceTree = "<group>"; };
		C4DBE8AC2A41D696002987CB /* SelectionViewDataSource.swift */ = {isa = PBXFileReference; fileEncoding = 4; lastKnownFileType = sourcecode.swift; path = SelectionViewDataSource.swift; sourceTree = "<group>"; };
		C4DBE8B12A41DD83002987CB /* TripCell.swift */ = {isa = PBXFileReference; lastKnownFileType = sourcecode.swift; path = TripCell.swift; sourceTree = "<group>"; };
		C4DBE8B42A428797002987CB /* AddNewTripViewController.swift */ = {isa = PBXFileReference; lastKnownFileType = sourcecode.swift; path = AddNewTripViewController.swift; sourceTree = "<group>"; };
		C4DBE8C72A42D446002987CB /* LTUser.swift */ = {isa = PBXFileReference; lastKnownFileType = sourcecode.swift; path = LTUser.swift; sourceTree = "<group>"; };
		C4DBE8C92A42D49B002987CB /* Trip.swift */ = {isa = PBXFileReference; lastKnownFileType = sourcecode.swift; path = Trip.swift; sourceTree = "<group>"; };
		C4DBE8CD2A4306BB002987CB /* SearchViewController.swift */ = {isa = PBXFileReference; lastKnownFileType = sourcecode.swift; path = SearchViewController.swift; sourceTree = "<group>"; };
		C4DBE8CF2A4355A2002987CB /* MKPointOfInterestCategory+Extension.swift */ = {isa = PBXFileReference; lastKnownFileType = sourcecode.swift; path = "MKPointOfInterestCategory+Extension.swift"; sourceTree = "<group>"; };
		C4DBE8D12A43E116002987CB /* MKPlaceMark+Extension.swift */ = {isa = PBXFileReference; lastKnownFileType = sourcecode.swift; path = "MKPlaceMark+Extension.swift"; sourceTree = "<group>"; };
		C4EF99F62A5C04F300B1C4BC /* StorageManager.swift */ = {isa = PBXFileReference; lastKnownFileType = sourcecode.swift; path = StorageManager.swift; sourceTree = "<group>"; };
		C4EF99FA2A5C09E900B1C4BC /* SDWebImage+Wrapper.swift */ = {isa = PBXFileReference; lastKnownFileType = sourcecode.swift; path = "SDWebImage+Wrapper.swift"; sourceTree = "<group>"; };
		C4EF99FC2A5C309500B1C4BC /* UIImage+Extension.swift */ = {isa = PBXFileReference; lastKnownFileType = sourcecode.swift; path = "UIImage+Extension.swift"; sourceTree = "<group>"; };
		C4FF5E3D2A72756C00721F50 /* Editing.png */ = {isa = PBXFileReference; lastKnownFileType = image.png; path = Editing.png; sourceTree = "<group>"; };
		C4FF5E3E2A72756D00721F50 /* Discover.png */ = {isa = PBXFileReference; lastKnownFileType = image.png; path = Discover.png; sourceTree = "<group>"; };
/* End PBXFileReference section */

/* Begin PBXFrameworksBuildPhase section */
		C4164CE52A6A29EC007B87E8 /* Frameworks */ = {
			isa = PBXFrameworksBuildPhase;
			buildActionMask = 2147483647;
			files = (
				C4164CFE2A6A34AD007B87E8 /* FirebaseCrashlytics in Frameworks */,
				C4164D002A6A34AD007B87E8 /* FirebaseFirestore in Frameworks */,
				C4164CFA2A6A34AD007B87E8 /* FirebaseAppCheck in Frameworks */,
				C4164D062A6A3513007B87E8 /* SDWebImage in Frameworks */,
				C4164D022A6A34AD007B87E8 /* FirebaseStorage in Frameworks */,
				C4164D042A6A3513007B87E8 /* JGProgressHUD in Frameworks */,
				C4164CFC2A6A34AD007B87E8 /* FirebaseAuth in Frameworks */,
			);
			runOnlyForDeploymentPostprocessing = 0;
		};
		C488C16C2A6671AD006853CC /* Frameworks */ = {
			isa = PBXFrameworksBuildPhase;
			buildActionMask = 2147483647;
			files = (
				C488C1A42A66BA2A006853CC /* SwiftUI.framework in Frameworks */,
				C488C1882A66AF33006853CC /* FirebaseFirestoreSwift in Frameworks */,
				C488C1A12A66BA29006853CC /* WidgetKit.framework in Frameworks */,
				C488C1862A669F45006853CC /* FirebaseFirestore in Frameworks */,
				C488C1842A669F40006853CC /* FirebaseAuth in Frameworks */,
			);
			runOnlyForDeploymentPostprocessing = 0;
		};
		C4DBE81A2A41AF62002987CB /* Frameworks */ = {
			isa = PBXFrameworksBuildPhase;
			buildActionMask = 2147483647;
			files = (
				C4C0F0622A5121AA002F59B3 /* UIKit.framework in Frameworks */,
				C4C0F0602A5121A4002F59B3 /* QuartzCore.framework in Frameworks */,
				C480BE2E2A5A581000A1A7E5 /* UnsplashPhotoPicker in Frameworks */,
				C4C0F05E2A51219C002F59B3 /* libz.tbd in Frameworks */,
				C4C0F05C2A512196002F59B3 /* libc++.tbd in Frameworks */,
				C4C0F05A2A51218B002F59B3 /* CoreLocation.framework in Frameworks */,
				C480BE352A5A5FDD00A1A7E5 /* SDWebImage in Frameworks */,
				C4C0F0582A512182002F59B3 /* CoreGraphics.framework in Frameworks */,
				C4DBE8C42A42B363002987CB /* IQKeyboardManagerSwift in Frameworks */,
				C4EF99F92A5C051A00B1C4BC /* FirebaseStorage in Frameworks */,
				C4DBE89B2A41BD7B002987CB /* Cosmos in Frameworks */,
				C4DBE8A22A41C158002987CB /* FirebaseFirestore in Frameworks */,
				C4DBE8412A41B288002987CB /* TinyConstraints in Frameworks */,
				C4C0F0532A512142002F59B3 /* GooglePlaces.xcframework in Frameworks */,
				C4CC0BF62A46FA3E00E03758 /* JGProgressHUD in Frameworks */,
				C4DAD9102A551EFB003D7A13 /* FirebaseCrashlytics in Frameworks */,
				C45413472A4A803E000D0685 /* FirebaseAuth in Frameworks */,
				C4DBE8A42A41C158002987CB /* FirebaseFirestoreSwift in Frameworks */,
			);
			runOnlyForDeploymentPostprocessing = 0;
		};
/* End PBXFrameworksBuildPhase section */

/* Begin PBXGroup section */
		C4164CE92A6A29EC007B87E8 /* LettuceTripTests */ = {
			isa = PBXGroup;
			children = (
				C4164CEA2A6A29EC007B87E8 /* LettuceTripTests.swift */,
				C4164D102A6CD5B5007B87E8 /* HomeViewModelTests.swift */,
			);
			path = LettuceTripTests;
			sourceTree = "<group>";
		};
		C4164D092A6C202F007B87E8 /* EditTrip */ = {
			isa = PBXGroup;
			children = (
				C42F51B72A45936800023305 /* EditTripViewController.swift */,
				C4164D0A2A6CC540007B87E8 /* EditTripViewController+Delegate.swift */,
				C4164D072A6C0A80007B87E8 /* EditTripViewModel.swift */,
			);
			path = EditTrip;
			sourceTree = "<group>";
		};
		C43757622A6280B5009225E7 /* CustomUI */ = {
			isa = PBXGroup;
			children = (
				C4DBE8A82A41D679002987CB /* SelectionView */,
				C4DBE8812A41BC02002987CB /* RoundedTextField.swift */,
				C4DBE89C2A41BD8C002987CB /* RatingStarView.swift */,
				C4CC0BFD2A481E0100E03758 /* ScheduleView.swift */,
				C4CC0BF22A46C51C00E03758 /* ChatRoomMemberView.swift */,
			);
			path = CustomUI;
			sourceTree = "<group>";
		};
		C43757632A6282F4009225E7 /* Header */ = {
			isa = PBXGroup;
			children = (
				C4DBE8912A41BCDC002987CB /* PlacePhotoHeaderView.swift */,
				C4DBE8932A41BCED002987CB /* PlaceInfoHeaderView.swift */,
			);
			path = Header;
			sourceTree = "<group>";
		};
		C480BE012A590A8300A1A7E5 /* Manager */ = {
			isa = PBXGroup;
			children = (
				C454134C2A4A9937000D0685 /* AuthManager.swift */,
				C42F51AF2A454D5F00023305 /* LocationManager.swift */,
				C4EF99F62A5C04F300B1C4BC /* StorageManager.swift */,
				C4CBD42E2A4FD122009108C6 /* GPlaceAPIManager.swift */,
				C480BE1F2A5972FC00A1A7E5 /* Firestore */,
			);
			path = Manager;
			sourceTree = "<group>";
		};
		C480BE042A590AF200A1A7E5 /* Helper */ = {
			isa = PBXGroup;
			children = (
				C43757642A628402009225E7 /* LabelFactory.swift */,
				C454134A2A4A8871000D0685 /* FirebaseAuthHelper.swift */,
				C480BE052A590B0100A1A7E5 /* FirestoreHelper.swift */,
			);
			path = Helper;
			sourceTree = "<group>";
		};
		C480BE1A2A596C3000A1A7E5 /* Errors */ = {
			isa = PBXGroup;
			children = (
				C480BE0E2A591AFD00A1A7E5 /* FirebaseError.swift */,
				C44DEAC02A5FCEAE00AFB8C6 /* LocationError.swift */,
				C48E70052A64DF8700087B06 /* GPlaceError.swift */,
			);
			path = Errors;
			sourceTree = "<group>";
		};
		C480BE1F2A5972FC00A1A7E5 /* Firestore */ = {
			isa = PBXGroup;
			children = (
				C480BE022A590A9500A1A7E5 /* FirestoreManager.swift */,
				C480BE1D2A5972C100A1A7E5 /* FirestoreManager+Place.swift */,
				C480BE202A59734000A1A7E5 /* FirestoreManager+ChatRoom.swift */,
				C480BE1B2A596CA500A1A7E5 /* FirestoreManager+User.swift */,
			);
			path = Firestore;
			sourceTree = "<group>";
		};
		C488C1742A6671AD006853CC /* TripWidgetView */ = {
			isa = PBXGroup;
			children = (
				C488C1752A6671AD006853CC /* TripWidgetViewBundle.swift */,
				C488C1772A6671AD006853CC /* TripWidgetView.swift */,
				C488C1792A6671AE006853CC /* Assets.xcassets */,
				C488C17B2A6671AE006853CC /* Info.plist */,
			);
			path = TripWidgetView;
			sourceTree = "<group>";
		};
		C48E6FFB2A63BCCC00087B06 /* ChatRoom */ = {
			isa = PBXGroup;
			children = (
				C42F51C52A45BD1D00023305 /* ChatRoomViewController.swift */,
				C48E6FF92A63AAB800087B06 /* ChatRoomViewModel.swift */,
			);
			path = ChatRoom;
			sourceTree = "<group>";
		};
		C48E6FFC2A63BECF00087B06 /* WishList */ = {
			isa = PBXGroup;
			children = (
				C4CC0BFF2A48255B00E03758 /* WishListViewController.swift */,
				C48E6FFD2A63BEE100087B06 /* WishListViewModel.swift */,
			);
			path = WishList;
			sourceTree = "<group>";
		};
		C48E6FFF2A64370E00087B06 /* ArrangePlace */ = {
			isa = PBXGroup;
			children = (
				C4CC0C032A48465300E03758 /* ArrangePlaceViewController.swift */,
				C48E70002A64372700087B06 /* ArrangePlaceViewModel.swift */,
			);
			path = ArrangePlace;
			sourceTree = "<group>";
		};
		C4C0F0562A512182002F59B3 /* Frameworks */ = {
			isa = PBXGroup;
			children = (
				C4C0F0612A5121AA002F59B3 /* UIKit.framework */,
				C4C0F05F2A5121A4002F59B3 /* QuartzCore.framework */,
				C4C0F05D2A51219C002F59B3 /* libz.tbd */,
				C4C0F05B2A512196002F59B3 /* libc++.tbd */,
				C4C0F0592A51218B002F59B3 /* CoreLocation.framework */,
				C4C0F0572A512182002F59B3 /* CoreGraphics.framework */,
				C488C1702A6671AD006853CC /* WidgetKit.framework */,
				C488C1722A6671AD006853CC /* SwiftUI.framework */,
			);
			name = Frameworks;
			sourceTree = "<group>";
		};
		C4DBE8142A41AF62002987CB = {
			isa = PBXGroup;
			children = (
				C488C1C72A66D17B006853CC /* TripWidgetViewExtension.entitlements */,
				C4207B522A6E592A009B3CC8 /* README.md */,
				C4FF5E3C2A72754500721F50 /* CoverImages */,
				C4DBE81F2A41AF62002987CB /* LettuceTrip */,
				C488C1742A6671AD006853CC /* TripWidgetView */,
				C4164CE92A6A29EC007B87E8 /* LettuceTripTests */,
				C4DBE81E2A41AF62002987CB /* Products */,
				C4C0F0562A512182002F59B3 /* Frameworks */,
			);
			sourceTree = "<group>";
		};
		C4DBE81E2A41AF62002987CB /* Products */ = {
			isa = PBXGroup;
			children = (
				C4DBE81D2A41AF62002987CB /* LettuceTrip.app */,
				C488C16F2A6671AD006853CC /* TripWidgetViewExtension.appex */,
				C4164CE82A6A29EC007B87E8 /* LettuceTripTests.xctest */,
			);
			name = Products;
			sourceTree = "<group>";
		};
		C4DBE81F2A41AF62002987CB /* LettuceTrip */ = {
			isa = PBXGroup;
			children = (
				C45413422A4A7E4F000D0685 /* LettuceTrip.entitlements */,
				C4DBE8202A41AF62002987CB /* AppDelegate.swift */,
				C4DBE8222A41AF62002987CB /* SceneDelegate.swift */,
				C4DBE8292A41AF63002987CB /* Assets.xcassets */,
				C4DBE82B2A41AF63002987CB /* LaunchScreen.storyboard */,
				C4DBE82E2A41AF63002987CB /* Info.plist */,
				C480BDFE2A58221C00A1A7E5 /* Localizable.strings */,
				C480BDFB2A58221C00A1A7E5 /* InfoPlist.strings */,
				C4CBD4302A4FD1BA009108C6 /* GPlaceAPIKey.plist */,
				C480BE2F2A5A588300A1A7E5 /* UnsplashKeys.plist */,
				C4DBE89E2A41C0E3002987CB /* GoogleService-Info.plist */,
				C4C0F0522A512142002F59B3 /* GooglePlaces.xcframework */,
				C4C0F0542A512158002F59B3 /* GooglePlaces.bundle */,
				C4DBE8492A41B32F002987CB /* Extensions */,
				C480BE042A590AF200A1A7E5 /* Helper */,
				C480BE012A590A8300A1A7E5 /* Manager */,
				C4DBE87B2A41BB68002987CB /* Model */,
				C4DBE83A2A41B1A0002987CB /* Core */,
			);
			path = LettuceTrip;
			sourceTree = "<group>";
		};
		C4DBE83A2A41B1A0002987CB /* Core */ = {
			isa = PBXGroup;
			children = (
				C44DEABC2A5FCA6700AFB8C6 /* TabBarViewController.swift */,
				C45413432A4A7FF0000D0685 /* SignInViewController.swift */,
				C4DBE8CD2A4306BB002987CB /* SearchViewController.swift */,
				C4DBE8B42A428797002987CB /* AddNewTripViewController.swift */,
				C4DBE83B2A41B1AD002987CB /* Home */,
				C4DBE83C2A41B1B8002987CB /* Discover */,
				C4DBE83D2A41B1C7002987CB /* MyTrip */,
				C4DBE83E2A41B1D5002987CB /* Profile */,
				C4DBE8862A41BC47002987CB /* PlaceDetail */,
				C43757622A6280B5009225E7 /* CustomUI */,
			);
			path = Core;
			sourceTree = "<group>";
		};
		C4DBE83B2A41B1AD002987CB /* Home */ = {
			isa = PBXGroup;
			children = (
				C4DBE8242A41AF62002987CB /* HomeViewController.swift */,
				C44DEABE2A5FCB9900AFB8C6 /* HomeViewModel.swift */,
				C4DBE8422A41B2DC002987CB /* Views */,
			);
			path = Home;
			sourceTree = "<group>";
		};
		C4DBE83C2A41B1B8002987CB /* Discover */ = {
			isa = PBXGroup;
			children = (
				C4DBE8342A41B18B002987CB /* DiscoverViewController.swift */,
				C44DEAC22A5FD00600AFB8C6 /* DiscoverViewModel.swift */,
			);
			path = Discover;
			sourceTree = "<group>";
		};
		C4DBE83D2A41B1C7002987CB /* MyTrip */ = {
			isa = PBXGroup;
			children = (
				C4DBE8362A41B194002987CB /* MyTripViewController.swift */,
				C4207B502A6E2EAC009B3CC8 /* MyTripViewModel.swift */,
				C4164D092A6C202F007B87E8 /* EditTrip */,
				C48E6FFB2A63BCCC00087B06 /* ChatRoom */,
				C48E6FFC2A63BECF00087B06 /* WishList */,
				C48E6FFF2A64370E00087B06 /* ArrangePlace */,
				C4DBE8A72A41D639002987CB /* Cell */,
			);
			path = MyTrip;
			sourceTree = "<group>";
		};
		C4DBE83E2A41B1D5002987CB /* Profile */ = {
			isa = PBXGroup;
			children = (
				C480BDE72A56C3D100A1A7E5 /* BaseSettingViewController.swift */,
				C4DBE8382A41B19B002987CB /* ProfileViewController.swift */,
				C437575E2A6156DC009225E7 /* ProfileViewModel.swift */,
				C48E48912A4C330A00949E08 /* ProfileHeaderView.swift */,
				C480BDE92A56C56E00A1A7E5 /* AppearanceViewController.swift */,
			);
			path = Profile;
			sourceTree = "<group>";
		};
		C4DBE8422A41B2DC002987CB /* Views */ = {
			isa = PBXGroup;
			children = (
				C4DBE8452A41B312002987CB /* ItineraryHeaderView.swift */,
				C4DBE8472A41B329002987CB /* ItineraryCell.swift */,
			);
			path = Views;
			sourceTree = "<group>";
		};
		C4DBE8492A41B32F002987CB /* Extensions */ = {
			isa = PBXGroup;
			children = (
				C4DBE84A2A41B350002987CB /* UICollectionView+Identifier.swift */,
				C4DBE8952A41BD00002987CB /* UITableView+Identifier.swift */,
				C4DBE8972A41BD10002987CB /* UIViewController+Alert.swift */,
				C4DBE8A92A41D696002987CB /* UIStackView+Extension.swift */,
				C4DBE8CF2A4355A2002987CB /* MKPointOfInterestCategory+Extension.swift */,
				C4DBE8D12A43E116002987CB /* MKPlaceMark+Extension.swift */,
				C42F51D12A46ADDB00023305 /* UINavigationBar+Extension.swift */,
				C45413402A497145000D0685 /* Date+Extension.swift */,
				C4CBD4422A4FECA2009108C6 /* GMSPlace+Combine.swift */,
				C480BDF32A57F0D200A1A7E5 /* JGProgressHUD+Wrapper.swift */,
				C4EF99FC2A5C309500B1C4BC /* UIImage+Extension.swift */,
				C4EF99FA2A5C09E900B1C4BC /* SDWebImage+Wrapper.swift */,
			);
			path = Extensions;
			sourceTree = "<group>";
		};
		C4DBE87B2A41BB68002987CB /* Model */ = {
			isa = PBXGroup;
			children = (
				C480BE1A2A596C3000A1A7E5 /* Errors */,
				C4DBE8C72A42D446002987CB /* LTUser.swift */,
				C4DBE8C92A42D49B002987CB /* Trip.swift */,
				C48E488F2A4C2A3D00949E08 /* SettingModel.swift */,
				C4CBD42C2A4FD097009108C6 /* GPlaceResponse.swift */,
				C480BE312A5A59F500A1A7E5 /* UnsplashKey.swift */,
			);
			path = Model;
			sourceTree = "<group>";
		};
		C4DBE8862A41BC47002987CB /* PlaceDetail */ = {
			isa = PBXGroup;
			children = (
				C4DBE8872A41BC60002987CB /* PlaceDetailViewController.swift */,
				C48E6FF52A62EEE400087B06 /* PlaceDetailViewModel.swift */,
				C43757632A6282F4009225E7 /* Header */,
				C4DBE8A62A41D4D7002987CB /* Cell */,
			);
			path = PlaceDetail;
			sourceTree = "<group>";
		};
		C4DBE8A62A41D4D7002987CB /* Cell */ = {
			isa = PBXGroup;
			children = (
				C4DBE8892A41BC7B002987CB /* PlaceInfoCell.swift */,
				C4DBE88B2A41BC8F002987CB /* PlaceInfoCellViewModel.swift */,
				C4DBE88D2A41BCAB002987CB /* PlaceAboutCell.swift */,
				C4DBE88F2A41BCC3002987CB /* PlaceAboutCellViewModel.swift */,
			);
			path = Cell;
			sourceTree = "<group>";
		};
		C4DBE8A72A41D639002987CB /* Cell */ = {
			isa = PBXGroup;
			children = (
				C4DBE8B12A41DD83002987CB /* TripCell.swift */,
				C42F51BF2A4598CB00023305 /* ArrangePlaceCell.swift */,
				C42F51C32A45B60C00023305 /* CalendarCell.swift */,
				C42F51C92A45E2AB00023305 /* MemberCircleCell.swift */,
				C42F51CB2A46989600023305 /* UserMessageCell.swift */,
				C42F51CD2A469E7200023305 /* FriendMessageCell.swift */,
				C4CC0C062A48499200E03758 /* LocationMapCell.swift */,
				C454133C2A48920D000D0685 /* ArrangePlaceDetailCell.swift */,
				C488C1642A6570CB006853CC /* ArrangePlaceDetailCell.xib */,
			);
			path = Cell;
			sourceTree = "<group>";
		};
		C4DBE8A82A41D679002987CB /* SelectionView */ = {
			isa = PBXGroup;
			children = (
				C4DBE8AA2A41D696002987CB /* SelectionView.swift */,
				C4DBE8AC2A41D696002987CB /* SelectionViewDataSource.swift */,
				C4DBE8AB2A41D696002987CB /* SelectionViewDelegate.swift */,
			);
			path = SelectionView;
			sourceTree = "<group>";
		};
		C4FF5E3C2A72754500721F50 /* CoverImages */ = {
			isa = PBXGroup;
			children = (
				C4FF5E3E2A72756D00721F50 /* Discover.png */,
				C4FF5E3D2A72756C00721F50 /* Editing.png */,
			);
			path = CoverImages;
			sourceTree = "<group>";
		};
/* End PBXGroup section */

/* Begin PBXNativeTarget section */
		C4164CE72A6A29EC007B87E8 /* LettuceTripTests */ = {
			isa = PBXNativeTarget;
			buildConfigurationList = C4164CF02A6A29EC007B87E8 /* Build configuration list for PBXNativeTarget "LettuceTripTests" */;
			buildPhases = (
				C4164CE42A6A29EC007B87E8 /* Sources */,
				C4164CE52A6A29EC007B87E8 /* Frameworks */,
				C4164CE62A6A29EC007B87E8 /* Resources */,
			);
			buildRules = (
			);
			dependencies = (
				C4164CED2A6A29EC007B87E8 /* PBXTargetDependency */,
			);
			name = LettuceTripTests;
			packageProductDependencies = (
				C4164CF92A6A34AD007B87E8 /* FirebaseAppCheck */,
				C4164CFB2A6A34AD007B87E8 /* FirebaseAuth */,
				C4164CFD2A6A34AD007B87E8 /* FirebaseCrashlytics */,
				C4164CFF2A6A34AD007B87E8 /* FirebaseFirestore */,
				C4164D012A6A34AD007B87E8 /* FirebaseStorage */,
				C4164D032A6A3513007B87E8 /* JGProgressHUD */,
				C4164D052A6A3513007B87E8 /* SDWebImage */,
			);
			productName = LettuceTripTests;
			productReference = C4164CE82A6A29EC007B87E8 /* LettuceTripTests.xctest */;
			productType = "com.apple.product-type.bundle.unit-test";
		};
		C488C16E2A6671AD006853CC /* TripWidgetViewExtension */ = {
			isa = PBXNativeTarget;
			buildConfigurationList = C488C1822A6671AE006853CC /* Build configuration list for PBXNativeTarget "TripWidgetViewExtension" */;
			buildPhases = (
				C488C16B2A6671AD006853CC /* Sources */,
				C488C16C2A6671AD006853CC /* Frameworks */,
				C488C16D2A6671AD006853CC /* Resources */,
			);
			buildRules = (
			);
			dependencies = (
			);
			name = TripWidgetViewExtension;
			packageProductDependencies = (
				C488C1832A669F40006853CC /* FirebaseAuth */,
				C488C1852A669F45006853CC /* FirebaseFirestore */,
				C488C1872A66AF33006853CC /* FirebaseFirestoreSwift */,
			);
			productName = TripWidgetViewExtension;
			productReference = C488C16F2A6671AD006853CC /* TripWidgetViewExtension.appex */;
			productType = "com.apple.product-type.app-extension";
		};
		C4DBE81C2A41AF62002987CB /* LettuceTrip */ = {
			isa = PBXNativeTarget;
			buildConfigurationList = C4DBE8312A41AF63002987CB /* Build configuration list for PBXNativeTarget "LettuceTrip" */;
			buildPhases = (
				C4DBE8192A41AF62002987CB /* Sources */,
				C4DBE81A2A41AF62002987CB /* Frameworks */,
				C4DBE81B2A41AF62002987CB /* Resources */,
				C4DBE8A52A41D2B3002987CB /* ShellScript */,
				C4DAD9112A551F76003D7A13 /* ShellScript */,
				C488C17F2A6671AE006853CC /* Embed Foundation Extensions */,
			);
			buildRules = (
			);
			dependencies = (
				C488C17D2A6671AE006853CC /* PBXTargetDependency */,
			);
			name = LettuceTrip;
			packageProductDependencies = (
				C4DBE8402A41B288002987CB /* TinyConstraints */,
				C4DBE89A2A41BD7B002987CB /* Cosmos */,
				C4DBE8A12A41C158002987CB /* FirebaseFirestore */,
				C4DBE8A32A41C158002987CB /* FirebaseFirestoreSwift */,
				C4DBE8C32A42B363002987CB /* IQKeyboardManagerSwift */,
				C4CC0BF52A46FA3E00E03758 /* JGProgressHUD */,
				C45413462A4A803E000D0685 /* FirebaseAuth */,
				C4DAD90F2A551EFB003D7A13 /* FirebaseCrashlytics */,
				C480BE2D2A5A581000A1A7E5 /* UnsplashPhotoPicker */,
				C480BE342A5A5FDD00A1A7E5 /* SDWebImage */,
				C4EF99F82A5C051A00B1C4BC /* FirebaseStorage */,
			);
			productName = LettuceTrip;
			productReference = C4DBE81D2A41AF62002987CB /* LettuceTrip.app */;
			productType = "com.apple.product-type.application";
		};
/* End PBXNativeTarget section */

/* Begin PBXProject section */
		C4DBE8152A41AF62002987CB /* Project object */ = {
			isa = PBXProject;
			attributes = {
				BuildIndependentTargetsInParallel = 1;
				LastSwiftUpdateCheck = 1430;
				LastUpgradeCheck = 1430;
				TargetAttributes = {
					C4164CE72A6A29EC007B87E8 = {
						CreatedOnToolsVersion = 14.3.1;
						TestTargetID = C4DBE81C2A41AF62002987CB;
					};
					C488C16E2A6671AD006853CC = {
						CreatedOnToolsVersion = 14.3.1;
					};
					C4DBE81C2A41AF62002987CB = {
						CreatedOnToolsVersion = 14.3.1;
					};
				};
			};
			buildConfigurationList = C4DBE8182A41AF62002987CB /* Build configuration list for PBXProject "LettuceTrip" */;
			compatibilityVersion = "Xcode 14.0";
			developmentRegion = en;
			hasScannedForEncodings = 0;
			knownRegions = (
				en,
				Base,
				"zh-Hant",
			);
			mainGroup = C4DBE8142A41AF62002987CB;
			packageReferences = (
				C4DBE83F2A41B288002987CB /* XCRemoteSwiftPackageReference "TinyConstraints" */,
				C4DBE8992A41BD7B002987CB /* XCRemoteSwiftPackageReference "Cosmos" */,
				C4DBE8A02A41C158002987CB /* XCRemoteSwiftPackageReference "firebase-ios-sdk" */,
				C4DBE8C22A42B363002987CB /* XCRemoteSwiftPackageReference "IQKeyboardManager" */,
				C4CC0BF42A46FA3E00E03758 /* XCRemoteSwiftPackageReference "JGProgressHUD" */,
				C480BE2C2A5A581000A1A7E5 /* XCRemoteSwiftPackageReference "unsplash-photopicker-ios" */,
				C480BE332A5A5FDD00A1A7E5 /* XCRemoteSwiftPackageReference "SDWebImage" */,
			);
			productRefGroup = C4DBE81E2A41AF62002987CB /* Products */;
			projectDirPath = "";
			projectRoot = "";
			targets = (
				C4DBE81C2A41AF62002987CB /* LettuceTrip */,
				C488C16E2A6671AD006853CC /* TripWidgetViewExtension */,
				C4164CE72A6A29EC007B87E8 /* LettuceTripTests */,
			);
		};
/* End PBXProject section */

/* Begin PBXResourcesBuildPhase section */
		C4164CE62A6A29EC007B87E8 /* Resources */ = {
			isa = PBXResourcesBuildPhase;
			buildActionMask = 2147483647;
			files = (
			);
			runOnlyForDeploymentPostprocessing = 0;
		};
		C488C16D2A6671AD006853CC /* Resources */ = {
			isa = PBXResourcesBuildPhase;
			buildActionMask = 2147483647;
			files = (
				C488C17A2A6671AE006853CC /* Assets.xcassets in Resources */,
				C488C1892A66B22F006853CC /* GoogleService-Info.plist in Resources */,
			);
			runOnlyForDeploymentPostprocessing = 0;
		};
		C4DBE81B2A41AF62002987CB /* Resources */ = {
			isa = PBXResourcesBuildPhase;
			buildActionMask = 2147483647;
			files = (
				C4DBE82D2A41AF63002987CB /* LaunchScreen.storyboard in Resources */,
				C480BDFD2A58221C00A1A7E5 /* InfoPlist.strings in Resources */,
				C4FF5E402A72756D00721F50 /* Discover.png in Resources */,
				C4207B532A6E592A009B3CC8 /* README.md in Resources */,
				C4DBE82A2A41AF63002987CB /* Assets.xcassets in Resources */,
				C480BE302A5A588300A1A7E5 /* UnsplashKeys.plist in Resources */,
				C480BE002A58221C00A1A7E5 /* Localizable.strings in Resources */,
				C4CBD4312A4FD1BA009108C6 /* GPlaceAPIKey.plist in Resources */,
				C4FF5E3F2A72756D00721F50 /* Editing.png in Resources */,
				C4DBE89F2A41C0E3002987CB /* GoogleService-Info.plist in Resources */,
				C488C1622A6570CB006853CC /* ArrangePlaceDetailCell.xib in Resources */,
				C4C0F0552A512158002F59B3 /* GooglePlaces.bundle in Resources */,
			);
			runOnlyForDeploymentPostprocessing = 0;
		};
/* End PBXResourcesBuildPhase section */

/* Begin PBXShellScriptBuildPhase section */
		C4DAD9112A551F76003D7A13 /* ShellScript */ = {
			isa = PBXShellScriptBuildPhase;
			alwaysOutOfDate = 1;
			buildActionMask = 2147483647;
			files = (
			);
			inputFileListPaths = (
			);
			inputPaths = (
				"${DWARF_DSYM_FOLDER_PATH}/${DWARF_DSYM_FILE_NAME}/Contents/Resources/DWARF/${TARGET_NAME}",
				"$(SRCROOT)/$(BUILT_PRODUCTS_DIR)/$(INFOPLIST_PATH)",
			);
			outputFileListPaths = (
			);
			outputPaths = (
			);
			runOnlyForDeploymentPostprocessing = 0;
			shellPath = /bin/sh;
			shellScript = "\"${BUILD_DIR%/Build/*}/SourcePackages/checkouts/firebase-ios-sdk/Crashlytics/run\"\n";
		};
		C4DBE8A52A41D2B3002987CB /* ShellScript */ = {
			isa = PBXShellScriptBuildPhase;
			alwaysOutOfDate = 1;
			buildActionMask = 2147483647;
			files = (
			);
			inputFileListPaths = (
			);
			inputPaths = (
			);
			outputFileListPaths = (
			);
			outputPaths = (
			);
			runOnlyForDeploymentPostprocessing = 0;
			shellPath = /bin/sh;
			shellScript = "if [[ \"$(uname -m)\" == arm64 ]]; then\n    export PATH=\"/opt/homebrew/bin:$PATH\"\nfi\n\nif which swiftlint > /dev/null; then\n  swiftlint\nelse\n  echo \"warning: SwiftLint not installed, download from https://github.com/realm/SwiftLint\"\nfi\n";
		};
/* End PBXShellScriptBuildPhase section */

/* Begin PBXSourcesBuildPhase section */
		C4164CE42A6A29EC007B87E8 /* Sources */ = {
			isa = PBXSourcesBuildPhase;
			buildActionMask = 2147483647;
			files = (
				C4164CEB2A6A29EC007B87E8 /* LettuceTripTests.swift in Sources */,
				C4164D112A6CD5B5007B87E8 /* HomeViewModelTests.swift in Sources */,
			);
			runOnlyForDeploymentPostprocessing = 0;
		};
		C488C16B2A6671AD006853CC /* Sources */ = {
			isa = PBXSourcesBuildPhase;
			buildActionMask = 2147483647;
			files = (
				C488C1762A6671AD006853CC /* TripWidgetViewBundle.swift in Sources */,
				C488C1782A6671AD006853CC /* TripWidgetView.swift in Sources */,
			);
			runOnlyForDeploymentPostprocessing = 0;
		};
		C4DBE8192A41AF62002987CB /* Sources */ = {
			isa = PBXSourcesBuildPhase;
			buildActionMask = 2147483647;
			files = (
				C4DBE8B02A41D696002987CB /* SelectionViewDataSource.swift in Sources */,
				C4DBE8392A41B19B002987CB /* ProfileViewController.swift in Sources */,
				C48E70062A64DF8700087B06 /* GPlaceError.swift in Sources */,
				C454134B2A4A8871000D0685 /* FirebaseAuthHelper.swift in Sources */,
				C4DBE88C2A41BC8F002987CB /* PlaceInfoCellViewModel.swift in Sources */,
				C42F51CC2A46989600023305 /* UserMessageCell.swift in Sources */,
				C4DBE8CE2A4306BB002987CB /* SearchViewController.swift in Sources */,
				C4DBE84B2A41B350002987CB /* UICollectionView+Identifier.swift in Sources */,
				C48E48902A4C2A3D00949E08 /* SettingModel.swift in Sources */,
				C4DBE8942A41BCED002987CB /* PlaceInfoHeaderView.swift in Sources */,
				C4DBE8922A41BCDC002987CB /* PlacePhotoHeaderView.swift in Sources */,
				C4CBD4432A4FECA2009108C6 /* GMSPlace+Combine.swift in Sources */,
				C42F51CE2A469E7200023305 /* FriendMessageCell.swift in Sources */,
				C4CC0BF32A46C51C00E03758 /* ChatRoomMemberView.swift in Sources */,
				C4DBE88E2A41BCAB002987CB /* PlaceAboutCell.swift in Sources */,
				C48E6FFE2A63BEE100087B06 /* WishListViewModel.swift in Sources */,
				C48E48922A4C330A00949E08 /* ProfileHeaderView.swift in Sources */,
				C4DBE8AD2A41D696002987CB /* UIStackView+Extension.swift in Sources */,
				C480BDF42A57F0D200A1A7E5 /* JGProgressHUD+Wrapper.swift in Sources */,
				C4DBE8D02A4355A2002987CB /* MKPointOfInterestCategory+Extension.swift in Sources */,
				C44DEABF2A5FCB9900AFB8C6 /* HomeViewModel.swift in Sources */,
				C4CBD42D2A4FD097009108C6 /* GPlaceResponse.swift in Sources */,
				C4CBD42F2A4FD122009108C6 /* GPlaceAPIManager.swift in Sources */,
				C48E70012A64372700087B06 /* ArrangePlaceViewModel.swift in Sources */,
				C480BDEA2A56C56E00A1A7E5 /* AppearanceViewController.swift in Sources */,
				C43757652A628402009225E7 /* LabelFactory.swift in Sources */,
				C42F51C42A45B60C00023305 /* CalendarCell.swift in Sources */,
				C4DBE8372A41B194002987CB /* MyTripViewController.swift in Sources */,
				C454133E2A48920D000D0685 /* ArrangePlaceDetailCell.swift in Sources */,
				C4DBE89D2A41BD8C002987CB /* RatingStarView.swift in Sources */,
				C4DBE8482A41B329002987CB /* ItineraryCell.swift in Sources */,
				C42F51B82A45936800023305 /* EditTripViewController.swift in Sources */,
				C454134D2A4A9937000D0685 /* AuthManager.swift in Sources */,
				C4CC0C082A48499200E03758 /* LocationMapCell.swift in Sources */,
				C4EF99FD2A5C309500B1C4BC /* UIImage+Extension.swift in Sources */,
				C4164D082A6C0A80007B87E8 /* EditTripViewModel.swift in Sources */,
				C4DBE8982A41BD10002987CB /* UIViewController+Alert.swift in Sources */,
				C4DBE8AE2A41D696002987CB /* SelectionView.swift in Sources */,
				C45413442A4A7FF0000D0685 /* SignInViewController.swift in Sources */,
				C4DBE8252A41AF62002987CB /* HomeViewController.swift in Sources */,
				C480BE212A59734000A1A7E5 /* FirestoreManager+ChatRoom.swift in Sources */,
				C480BE1C2A596CA500A1A7E5 /* FirestoreManager+User.swift in Sources */,
				C42F51D22A46ADDB00023305 /* UINavigationBar+Extension.swift in Sources */,
				C437575F2A6156DC009225E7 /* ProfileViewModel.swift in Sources */,
				C42F51C02A4598CB00023305 /* ArrangePlaceCell.swift in Sources */,
				C480BE1E2A5972C100A1A7E5 /* FirestoreManager+Place.swift in Sources */,
				C48E6FF62A62EEE400087B06 /* PlaceDetailViewModel.swift in Sources */,
				C4DBE8352A41B18B002987CB /* DiscoverViewController.swift in Sources */,
				C480BE0F2A591AFD00A1A7E5 /* FirebaseError.swift in Sources */,
				C44DEAC32A5FD00600AFB8C6 /* DiscoverViewModel.swift in Sources */,
				C4DBE8B22A41DD83002987CB /* TripCell.swift in Sources */,
				C48E6FFA2A63AAB800087B06 /* ChatRoomViewModel.swift in Sources */,
				C4DBE8212A41AF62002987CB /* AppDelegate.swift in Sources */,
				C4DBE8902A41BCC3002987CB /* PlaceAboutCellViewModel.swift in Sources */,
				C4EF99F72A5C04F300B1C4BC /* StorageManager.swift in Sources */,
				C4DBE8462A41B312002987CB /* ItineraryHeaderView.swift in Sources */,
				C480BE032A590A9500A1A7E5 /* FirestoreManager.swift in Sources */,
				C4DBE8882A41BC60002987CB /* PlaceDetailViewController.swift in Sources */,
				C4CC0BFE2A481E0100E03758 /* ScheduleView.swift in Sources */,
				C44DEABD2A5FCA6700AFB8C6 /* TabBarViewController.swift in Sources */,
				C4DBE8232A41AF62002987CB /* SceneDelegate.swift in Sources */,
				C4CC0C002A48255B00E03758 /* WishListViewController.swift in Sources */,
				C480BE062A590B0100A1A7E5 /* FirestoreHelper.swift in Sources */,
				C4DBE8822A41BC02002987CB /* RoundedTextField.swift in Sources */,
				C4DBE8962A41BD00002987CB /* UITableView+Identifier.swift in Sources */,
				C4DBE8AF2A41D696002987CB /* SelectionViewDelegate.swift in Sources */,
				C42F51CA2A45E2AB00023305 /* MemberCircleCell.swift in Sources */,
				C44DEAC12A5FCEAE00AFB8C6 /* LocationError.swift in Sources */,
				C480BDE82A56C3D100A1A7E5 /* BaseSettingViewController.swift in Sources */,
				C4207B512A6E2EAC009B3CC8 /* MyTripViewModel.swift in Sources */,
				C4DBE8B52A428797002987CB /* AddNewTripViewController.swift in Sources */,
				C45413412A497145000D0685 /* Date+Extension.swift in Sources */,
				C42F51C62A45BD1D00023305 /* ChatRoomViewController.swift in Sources */,
				C4DBE88A2A41BC7B002987CB /* PlaceInfoCell.swift in Sources */,
				C4CC0C042A48465300E03758 /* ArrangePlaceViewController.swift in Sources */,
				C4DBE8CA2A42D49B002987CB /* Trip.swift in Sources */,
				C4EF99FB2A5C09E900B1C4BC /* SDWebImage+Wrapper.swift in Sources */,
				C480BE322A5A59F500A1A7E5 /* UnsplashKey.swift in Sources */,
				C4DBE8D22A43E116002987CB /* MKPlaceMark+Extension.swift in Sources */,
				C4164D0B2A6CC540007B87E8 /* EditTripViewController+Delegate.swift in Sources */,
				C4DBE8C82A42D446002987CB /* LTUser.swift in Sources */,
				C42F51B02A454D5F00023305 /* LocationManager.swift in Sources */,
			);
			runOnlyForDeploymentPostprocessing = 0;
		};
/* End PBXSourcesBuildPhase section */

/* Begin PBXTargetDependency section */
		C4164CED2A6A29EC007B87E8 /* PBXTargetDependency */ = {
			isa = PBXTargetDependency;
			target = C4DBE81C2A41AF62002987CB /* LettuceTrip */;
			targetProxy = C4164CEC2A6A29EC007B87E8 /* PBXContainerItemProxy */;
		};
		C488C17D2A6671AE006853CC /* PBXTargetDependency */ = {
			isa = PBXTargetDependency;
			target = C488C16E2A6671AD006853CC /* TripWidgetViewExtension */;
			targetProxy = C488C17C2A6671AE006853CC /* PBXContainerItemProxy */;
		};
/* End PBXTargetDependency section */

/* Begin PBXVariantGroup section */
		C480BDFB2A58221C00A1A7E5 /* InfoPlist.strings */ = {
			isa = PBXVariantGroup;
			children = (
				C480BDFC2A58221C00A1A7E5 /* zh-Hant */,
			);
			name = InfoPlist.strings;
			sourceTree = "<group>";
		};
		C480BDFE2A58221C00A1A7E5 /* Localizable.strings */ = {
			isa = PBXVariantGroup;
			children = (
				C480BDFF2A58221C00A1A7E5 /* zh-Hant */,
			);
			name = Localizable.strings;
			sourceTree = "<group>";
		};
		C488C1642A6570CB006853CC /* ArrangePlaceDetailCell.xib */ = {
			isa = PBXVariantGroup;
			children = (
				C488C1652A6570D7006853CC /* Base */,
				C488C1662A6571FA006853CC /* zh-Hant */,
			);
			name = ArrangePlaceDetailCell.xib;
			sourceTree = "<group>";
		};
		C4DBE82B2A41AF63002987CB /* LaunchScreen.storyboard */ = {
			isa = PBXVariantGroup;
			children = (
				C4DBE82C2A41AF63002987CB /* Base */,
				C480BDFA2A581D1300A1A7E5 /* zh-Hant */,
			);
			name = LaunchScreen.storyboard;
			sourceTree = "<group>";
		};
/* End PBXVariantGroup section */

/* Begin XCBuildConfiguration section */
		C4164CEE2A6A29EC007B87E8 /* Debug */ = {
			isa = XCBuildConfiguration;
			buildSettings = {
				BUNDLE_LOADER = "$(TEST_HOST)";
				CODE_SIGN_STYLE = Automatic;
				CURRENT_PROJECT_VERSION = 1;
				DEVELOPMENT_TEAM = C5NNGG4J5Q;
				GENERATE_INFOPLIST_FILE = YES;
				IPHONEOS_DEPLOYMENT_TARGET = 16.0;
				MARKETING_VERSION = 1.0;
				PRODUCT_BUNDLE_IDENTIFIER = com.miltonliu.LettuceTripTests;
				PRODUCT_NAME = "$(TARGET_NAME)";
				SUPPORTED_PLATFORMS = "iphoneos iphonesimulator";
				SUPPORTS_MACCATALYST = NO;
				SUPPORTS_MAC_DESIGNED_FOR_IPHONE_IPAD = NO;
				SWIFT_EMIT_LOC_STRINGS = NO;
				SWIFT_VERSION = 5.0;
				TARGETED_DEVICE_FAMILY = 1;
				TEST_HOST = "$(BUILT_PRODUCTS_DIR)/LettuceTrip.app/$(BUNDLE_EXECUTABLE_FOLDER_PATH)/LettuceTrip";
			};
			name = Debug;
		};
		C4164CEF2A6A29EC007B87E8 /* Release */ = {
			isa = XCBuildConfiguration;
			buildSettings = {
				BUNDLE_LOADER = "$(TEST_HOST)";
				CODE_SIGN_STYLE = Automatic;
				CURRENT_PROJECT_VERSION = 1;
				DEVELOPMENT_TEAM = C5NNGG4J5Q;
				GENERATE_INFOPLIST_FILE = YES;
				IPHONEOS_DEPLOYMENT_TARGET = 16.0;
				MARKETING_VERSION = 1.0;
				PRODUCT_BUNDLE_IDENTIFIER = com.miltonliu.LettuceTripTests;
				PRODUCT_NAME = "$(TARGET_NAME)";
				SUPPORTED_PLATFORMS = "iphoneos iphonesimulator";
				SUPPORTS_MACCATALYST = NO;
				SUPPORTS_MAC_DESIGNED_FOR_IPHONE_IPAD = NO;
				SWIFT_EMIT_LOC_STRINGS = NO;
				SWIFT_VERSION = 5.0;
				TARGETED_DEVICE_FAMILY = 1;
				TEST_HOST = "$(BUILT_PRODUCTS_DIR)/LettuceTrip.app/$(BUNDLE_EXECUTABLE_FOLDER_PATH)/LettuceTrip";
			};
			name = Release;
		};
		C488C1802A6671AE006853CC /* Debug */ = {
			isa = XCBuildConfiguration;
			buildSettings = {
				ASSETCATALOG_COMPILER_GLOBAL_ACCENT_COLOR_NAME = AccentColor;
				ASSETCATALOG_COMPILER_WIDGET_BACKGROUND_COLOR_NAME = WidgetBackground;
				CODE_SIGN_ENTITLEMENTS = TripWidgetViewExtension.entitlements;
				CODE_SIGN_STYLE = Automatic;
				CURRENT_PROJECT_VERSION = 1;
				DEVELOPMENT_TEAM = C5NNGG4J5Q;
				GENERATE_INFOPLIST_FILE = YES;
				INFOPLIST_FILE = TripWidgetView/Info.plist;
				INFOPLIST_KEY_CFBundleDisplayName = TripWidgetView;
				INFOPLIST_KEY_NSHumanReadableCopyright = "";
				IPHONEOS_DEPLOYMENT_TARGET = 16.0;
				LD_RUNPATH_SEARCH_PATHS = (
					"$(inherited)",
					"@executable_path/Frameworks",
					"@executable_path/../../Frameworks",
				);
				MARKETING_VERSION = 1.6;
				PRODUCT_BUNDLE_IDENTIFIER = com.miltonliu.LettuceTrip.TripWidgetView;
				PRODUCT_NAME = "$(TARGET_NAME)";
				SKIP_INSTALL = YES;
				SWIFT_EMIT_LOC_STRINGS = YES;
				SWIFT_VERSION = 5.0;
				TARGETED_DEVICE_FAMILY = 1;
			};
			name = Debug;
		};
		C488C1812A6671AE006853CC /* Release */ = {
			isa = XCBuildConfiguration;
			buildSettings = {
				ASSETCATALOG_COMPILER_GLOBAL_ACCENT_COLOR_NAME = AccentColor;
				ASSETCATALOG_COMPILER_WIDGET_BACKGROUND_COLOR_NAME = WidgetBackground;
				CODE_SIGN_ENTITLEMENTS = TripWidgetViewExtension.entitlements;
				CODE_SIGN_STYLE = Automatic;
				CURRENT_PROJECT_VERSION = 1;
				DEVELOPMENT_TEAM = C5NNGG4J5Q;
				GENERATE_INFOPLIST_FILE = YES;
				INFOPLIST_FILE = TripWidgetView/Info.plist;
				INFOPLIST_KEY_CFBundleDisplayName = TripWidgetView;
				INFOPLIST_KEY_NSHumanReadableCopyright = "";
				IPHONEOS_DEPLOYMENT_TARGET = 16.0;
				LD_RUNPATH_SEARCH_PATHS = (
					"$(inherited)",
					"@executable_path/Frameworks",
					"@executable_path/../../Frameworks",
				);
				MARKETING_VERSION = 1.6;
				PRODUCT_BUNDLE_IDENTIFIER = com.miltonliu.LettuceTrip.TripWidgetView;
				PRODUCT_NAME = "$(TARGET_NAME)";
				SKIP_INSTALL = YES;
				SWIFT_EMIT_LOC_STRINGS = YES;
				SWIFT_VERSION = 5.0;
				TARGETED_DEVICE_FAMILY = 1;
			};
			name = Release;
		};
		C4DBE82F2A41AF63002987CB /* Debug */ = {
			isa = XCBuildConfiguration;
			buildSettings = {
				ALWAYS_SEARCH_USER_PATHS = NO;
				CLANG_ANALYZER_LOCALIZABILITY_NONLOCALIZED = YES;
				CLANG_ANALYZER_NONNULL = YES;
				CLANG_ANALYZER_NUMBER_OBJECT_CONVERSION = YES_AGGRESSIVE;
				CLANG_CXX_LANGUAGE_STANDARD = "gnu++20";
				CLANG_ENABLE_MODULES = YES;
				CLANG_ENABLE_OBJC_ARC = YES;
				CLANG_ENABLE_OBJC_WEAK = YES;
				CLANG_WARN_BLOCK_CAPTURE_AUTORELEASING = YES;
				CLANG_WARN_BOOL_CONVERSION = YES;
				CLANG_WARN_COMMA = YES;
				CLANG_WARN_CONSTANT_CONVERSION = YES;
				CLANG_WARN_DEPRECATED_OBJC_IMPLEMENTATIONS = YES;
				CLANG_WARN_DIRECT_OBJC_ISA_USAGE = YES_ERROR;
				CLANG_WARN_DOCUMENTATION_COMMENTS = YES;
				CLANG_WARN_EMPTY_BODY = YES;
				CLANG_WARN_ENUM_CONVERSION = YES;
				CLANG_WARN_INFINITE_RECURSION = YES;
				CLANG_WARN_INT_CONVERSION = YES;
				CLANG_WARN_NON_LITERAL_NULL_CONVERSION = YES;
				CLANG_WARN_OBJC_IMPLICIT_RETAIN_SELF = YES;
				CLANG_WARN_OBJC_LITERAL_CONVERSION = YES;
				CLANG_WARN_OBJC_ROOT_CLASS = YES_ERROR;
				CLANG_WARN_QUOTED_INCLUDE_IN_FRAMEWORK_HEADER = YES;
				CLANG_WARN_RANGE_LOOP_ANALYSIS = YES;
				CLANG_WARN_STRICT_PROTOTYPES = YES;
				CLANG_WARN_SUSPICIOUS_MOVE = YES;
				CLANG_WARN_UNGUARDED_AVAILABILITY = YES_AGGRESSIVE;
				CLANG_WARN_UNREACHABLE_CODE = YES;
				CLANG_WARN__DUPLICATE_METHOD_MATCH = YES;
				COPY_PHASE_STRIP = NO;
				DEBUG_INFORMATION_FORMAT = dwarf;
				ENABLE_STRICT_OBJC_MSGSEND = YES;
				ENABLE_TESTABILITY = YES;
				GCC_C_LANGUAGE_STANDARD = gnu11;
				GCC_DYNAMIC_NO_PIC = NO;
				GCC_NO_COMMON_BLOCKS = YES;
				GCC_OPTIMIZATION_LEVEL = 0;
				GCC_PREPROCESSOR_DEFINITIONS = (
					"DEBUG=1",
					"$(inherited)",
				);
				GCC_WARN_64_TO_32_BIT_CONVERSION = YES;
				GCC_WARN_ABOUT_RETURN_TYPE = YES_ERROR;
				GCC_WARN_UNDECLARED_SELECTOR = YES;
				GCC_WARN_UNINITIALIZED_AUTOS = YES_AGGRESSIVE;
				GCC_WARN_UNUSED_FUNCTION = YES;
				GCC_WARN_UNUSED_VARIABLE = YES;
				IPHONEOS_DEPLOYMENT_TARGET = 16.0;
				MTL_ENABLE_DEBUG_INFO = INCLUDE_SOURCE;
				MTL_FAST_MATH = YES;
				ONLY_ACTIVE_ARCH = YES;
				OTHER_LDFLAGS = "";
				"OTHER_LDFLAGS[arch=*]" = "-ObjC";
				SDKROOT = iphoneos;
				SWIFT_ACTIVE_COMPILATION_CONDITIONS = DEBUG;
				SWIFT_OPTIMIZATION_LEVEL = "-Onone";
			};
			name = Debug;
		};
		C4DBE8302A41AF63002987CB /* Release */ = {
			isa = XCBuildConfiguration;
			buildSettings = {
				ALWAYS_SEARCH_USER_PATHS = NO;
				CLANG_ANALYZER_LOCALIZABILITY_NONLOCALIZED = YES;
				CLANG_ANALYZER_NONNULL = YES;
				CLANG_ANALYZER_NUMBER_OBJECT_CONVERSION = YES_AGGRESSIVE;
				CLANG_CXX_LANGUAGE_STANDARD = "gnu++20";
				CLANG_ENABLE_MODULES = YES;
				CLANG_ENABLE_OBJC_ARC = YES;
				CLANG_ENABLE_OBJC_WEAK = YES;
				CLANG_WARN_BLOCK_CAPTURE_AUTORELEASING = YES;
				CLANG_WARN_BOOL_CONVERSION = YES;
				CLANG_WARN_COMMA = YES;
				CLANG_WARN_CONSTANT_CONVERSION = YES;
				CLANG_WARN_DEPRECATED_OBJC_IMPLEMENTATIONS = YES;
				CLANG_WARN_DIRECT_OBJC_ISA_USAGE = YES_ERROR;
				CLANG_WARN_DOCUMENTATION_COMMENTS = YES;
				CLANG_WARN_EMPTY_BODY = YES;
				CLANG_WARN_ENUM_CONVERSION = YES;
				CLANG_WARN_INFINITE_RECURSION = YES;
				CLANG_WARN_INT_CONVERSION = YES;
				CLANG_WARN_NON_LITERAL_NULL_CONVERSION = YES;
				CLANG_WARN_OBJC_IMPLICIT_RETAIN_SELF = YES;
				CLANG_WARN_OBJC_LITERAL_CONVERSION = YES;
				CLANG_WARN_OBJC_ROOT_CLASS = YES_ERROR;
				CLANG_WARN_QUOTED_INCLUDE_IN_FRAMEWORK_HEADER = YES;
				CLANG_WARN_RANGE_LOOP_ANALYSIS = YES;
				CLANG_WARN_STRICT_PROTOTYPES = YES;
				CLANG_WARN_SUSPICIOUS_MOVE = YES;
				CLANG_WARN_UNGUARDED_AVAILABILITY = YES_AGGRESSIVE;
				CLANG_WARN_UNREACHABLE_CODE = YES;
				CLANG_WARN__DUPLICATE_METHOD_MATCH = YES;
				COPY_PHASE_STRIP = NO;
				DEBUG_INFORMATION_FORMAT = "dwarf-with-dsym";
				ENABLE_NS_ASSERTIONS = NO;
				ENABLE_STRICT_OBJC_MSGSEND = YES;
				GCC_C_LANGUAGE_STANDARD = gnu11;
				GCC_NO_COMMON_BLOCKS = YES;
				GCC_WARN_64_TO_32_BIT_CONVERSION = YES;
				GCC_WARN_ABOUT_RETURN_TYPE = YES_ERROR;
				GCC_WARN_UNDECLARED_SELECTOR = YES;
				GCC_WARN_UNINITIALIZED_AUTOS = YES_AGGRESSIVE;
				GCC_WARN_UNUSED_FUNCTION = YES;
				GCC_WARN_UNUSED_VARIABLE = YES;
				IPHONEOS_DEPLOYMENT_TARGET = 16.0;
				MTL_ENABLE_DEBUG_INFO = NO;
				MTL_FAST_MATH = YES;
				"OTHER_LDFLAGS[arch=*]" = "-ObjC";
				SDKROOT = iphoneos;
				SWIFT_COMPILATION_MODE = wholemodule;
				SWIFT_OPTIMIZATION_LEVEL = "-O";
				VALIDATE_PRODUCT = YES;
			};
			name = Release;
		};
		C4DBE8322A41AF63002987CB /* Debug */ = {
			isa = XCBuildConfiguration;
			buildSettings = {
				ALWAYS_EMBED_SWIFT_STANDARD_LIBRARIES = YES;
				ASSETCATALOG_COMPILER_APPICON_NAME = AppIcon;
				ASSETCATALOG_COMPILER_GLOBAL_ACCENT_COLOR_NAME = AccentColor;
				CODE_SIGN_ENTITLEMENTS = LettuceTrip/LettuceTrip.entitlements;
				CODE_SIGN_STYLE = Automatic;
				CURRENT_PROJECT_VERSION = 1;
				DEBUG_INFORMATION_FORMAT = "dwarf-with-dsym";
				DEVELOPMENT_TEAM = C5NNGG4J5Q;
				GENERATE_INFOPLIST_FILE = YES;
				INFOPLIST_FILE = LettuceTrip/Info.plist;
				INFOPLIST_KEY_CFBundleDisplayName = "Lettuce Trip";
				INFOPLIST_KEY_LSApplicationCategoryType = "public.app-category.travel";
				INFOPLIST_KEY_NSLocationWhenInUseUsageDescription = "Use device's location to bring you more nearby places information.";
				INFOPLIST_KEY_UIApplicationSupportsIndirectInputEvents = YES;
				INFOPLIST_KEY_UILaunchStoryboardName = LaunchScreen;
				INFOPLIST_KEY_UISupportedInterfaceOrientations = UIInterfaceOrientationPortrait;
				INFOPLIST_KEY_UISupportedInterfaceOrientations_iPad = "UIInterfaceOrientationLandscapeLeft UIInterfaceOrientationLandscapeRight UIInterfaceOrientationPortrait UIInterfaceOrientationPortraitUpsideDown";
				LD_RUNPATH_SEARCH_PATHS = (
					"$(inherited)",
					"@executable_path/Frameworks",
				);
				MARKETING_VERSION = 1.6;
				PRODUCT_BUNDLE_IDENTIFIER = com.miltonliu.LettuceTrip;
				PRODUCT_NAME = "$(TARGET_NAME)";
				SUPPORTED_PLATFORMS = "iphoneos iphonesimulator";
				SUPPORTS_MACCATALYST = NO;
				SUPPORTS_MAC_DESIGNED_FOR_IPHONE_IPAD = NO;
				SWIFT_EMIT_LOC_STRINGS = YES;
				SWIFT_VERSION = 5.0;
				TARGETED_DEVICE_FAMILY = 1;
			};
			name = Debug;
		};
		C4DBE8332A41AF63002987CB /* Release */ = {
			isa = XCBuildConfiguration;
			buildSettings = {
				ALWAYS_EMBED_SWIFT_STANDARD_LIBRARIES = YES;
				ASSETCATALOG_COMPILER_APPICON_NAME = AppIcon;
				ASSETCATALOG_COMPILER_GLOBAL_ACCENT_COLOR_NAME = AccentColor;
				CODE_SIGN_ENTITLEMENTS = LettuceTrip/LettuceTrip.entitlements;
				CODE_SIGN_STYLE = Automatic;
				CURRENT_PROJECT_VERSION = 1;
				DEVELOPMENT_TEAM = C5NNGG4J5Q;
				GENERATE_INFOPLIST_FILE = YES;
				INFOPLIST_FILE = LettuceTrip/Info.plist;
				INFOPLIST_KEY_CFBundleDisplayName = "Lettuce Trip";
				INFOPLIST_KEY_LSApplicationCategoryType = "public.app-category.travel";
				INFOPLIST_KEY_NSLocationWhenInUseUsageDescription = "Use device's location to bring you more nearby places information.";
				INFOPLIST_KEY_UIApplicationSupportsIndirectInputEvents = YES;
				INFOPLIST_KEY_UILaunchStoryboardName = LaunchScreen;
				INFOPLIST_KEY_UISupportedInterfaceOrientations = UIInterfaceOrientationPortrait;
				INFOPLIST_KEY_UISupportedInterfaceOrientations_iPad = "UIInterfaceOrientationLandscapeLeft UIInterfaceOrientationLandscapeRight UIInterfaceOrientationPortrait UIInterfaceOrientationPortraitUpsideDown";
				LD_RUNPATH_SEARCH_PATHS = (
					"$(inherited)",
					"@executable_path/Frameworks",
				);
				MARKETING_VERSION = 1.6;
				PRODUCT_BUNDLE_IDENTIFIER = com.miltonliu.LettuceTrip;
				PRODUCT_NAME = "$(TARGET_NAME)";
				SUPPORTED_PLATFORMS = "iphoneos iphonesimulator";
				SUPPORTS_MACCATALYST = NO;
				SUPPORTS_MAC_DESIGNED_FOR_IPHONE_IPAD = NO;
				SWIFT_EMIT_LOC_STRINGS = YES;
				SWIFT_VERSION = 5.0;
				TARGETED_DEVICE_FAMILY = 1;
			};
			name = Release;
		};
/* End XCBuildConfiguration section */

/* Begin XCConfigurationList section */
		C4164CF02A6A29EC007B87E8 /* Build configuration list for PBXNativeTarget "LettuceTripTests" */ = {
			isa = XCConfigurationList;
			buildConfigurations = (
				C4164CEE2A6A29EC007B87E8 /* Debug */,
				C4164CEF2A6A29EC007B87E8 /* Release */,
			);
			defaultConfigurationIsVisible = 0;
			defaultConfigurationName = Release;
		};
		C488C1822A6671AE006853CC /* Build configuration list for PBXNativeTarget "TripWidgetViewExtension" */ = {
			isa = XCConfigurationList;
			buildConfigurations = (
				C488C1802A6671AE006853CC /* Debug */,
				C488C1812A6671AE006853CC /* Release */,
			);
			defaultConfigurationIsVisible = 0;
			defaultConfigurationName = Release;
		};
		C4DBE8182A41AF62002987CB /* Build configuration list for PBXProject "LettuceTrip" */ = {
			isa = XCConfigurationList;
			buildConfigurations = (
				C4DBE82F2A41AF63002987CB /* Debug */,
				C4DBE8302A41AF63002987CB /* Release */,
			);
			defaultConfigurationIsVisible = 0;
			defaultConfigurationName = Release;
		};
		C4DBE8312A41AF63002987CB /* Build configuration list for PBXNativeTarget "LettuceTrip" */ = {
			isa = XCConfigurationList;
			buildConfigurations = (
				C4DBE8322A41AF63002987CB /* Debug */,
				C4DBE8332A41AF63002987CB /* Release */,
			);
			defaultConfigurationIsVisible = 0;
			defaultConfigurationName = Release;
		};
/* End XCConfigurationList section */

/* Begin XCRemoteSwiftPackageReference section */
		C480BE2C2A5A581000A1A7E5 /* XCRemoteSwiftPackageReference "unsplash-photopicker-ios" */ = {
			isa = XCRemoteSwiftPackageReference;
			repositoryURL = "https://github.com/unsplash/unsplash-photopicker-ios.git";
			requirement = {
				kind = upToNextMajorVersion;
				minimumVersion = 1.0.0;
			};
		};
		C480BE332A5A5FDD00A1A7E5 /* XCRemoteSwiftPackageReference "SDWebImage" */ = {
			isa = XCRemoteSwiftPackageReference;
			repositoryURL = "https://github.com/SDWebImage/SDWebImage";
			requirement = {
				kind = upToNextMajorVersion;
				minimumVersion = 5.0.0;
			};
		};
		C4CC0BF42A46FA3E00E03758 /* XCRemoteSwiftPackageReference "JGProgressHUD" */ = {
			isa = XCRemoteSwiftPackageReference;
			repositoryURL = "https://github.com/JonasGessner/JGProgressHUD.git";
			requirement = {
				kind = upToNextMajorVersion;
				minimumVersion = 2.0.0;
			};
		};
		C4DBE83F2A41B288002987CB /* XCRemoteSwiftPackageReference "TinyConstraints" */ = {
			isa = XCRemoteSwiftPackageReference;
			repositoryURL = "https://github.com/roberthein/TinyConstraints.git";
			requirement = {
				kind = upToNextMajorVersion;
				minimumVersion = 4.0.0;
			};
		};
		C4DBE8992A41BD7B002987CB /* XCRemoteSwiftPackageReference "Cosmos" */ = {
			isa = XCRemoteSwiftPackageReference;
			repositoryURL = "https://github.com/evgenyneu/Cosmos.git";
			requirement = {
				kind = upToNextMajorVersion;
				minimumVersion = 23.0.0;
			};
		};
		C4DBE8A02A41C158002987CB /* XCRemoteSwiftPackageReference "firebase-ios-sdk" */ = {
			isa = XCRemoteSwiftPackageReference;
			repositoryURL = "https://github.com/firebase/firebase-ios-sdk";
			requirement = {
				kind = upToNextMajorVersion;
				minimumVersion = 10.0.0;
			};
		};
		C4DBE8C22A42B363002987CB /* XCRemoteSwiftPackageReference "IQKeyboardManager" */ = {
			isa = XCRemoteSwiftPackageReference;
			repositoryURL = "https://github.com/hackiftekhar/IQKeyboardManager.git";
			requirement = {
				kind = upToNextMajorVersion;
				minimumVersion = 6.0.0;
			};
		};
/* End XCRemoteSwiftPackageReference section */

/* Begin XCSwiftPackageProductDependency section */
		C4164CF92A6A34AD007B87E8 /* FirebaseAppCheck */ = {
			isa = XCSwiftPackageProductDependency;
			package = C4DBE8A02A41C158002987CB /* XCRemoteSwiftPackageReference "firebase-ios-sdk" */;
			productName = FirebaseAppCheck;
		};
		C4164CFB2A6A34AD007B87E8 /* FirebaseAuth */ = {
			isa = XCSwiftPackageProductDependency;
			package = C4DBE8A02A41C158002987CB /* XCRemoteSwiftPackageReference "firebase-ios-sdk" */;
			productName = FirebaseAuth;
		};
		C4164CFD2A6A34AD007B87E8 /* FirebaseCrashlytics */ = {
			isa = XCSwiftPackageProductDependency;
			package = C4DBE8A02A41C158002987CB /* XCRemoteSwiftPackageReference "firebase-ios-sdk" */;
			productName = FirebaseCrashlytics;
		};
		C4164CFF2A6A34AD007B87E8 /* FirebaseFirestore */ = {
			isa = XCSwiftPackageProductDependency;
			package = C4DBE8A02A41C158002987CB /* XCRemoteSwiftPackageReference "firebase-ios-sdk" */;
			productName = FirebaseFirestore;
		};
		C4164D012A6A34AD007B87E8 /* FirebaseStorage */ = {
			isa = XCSwiftPackageProductDependency;
			package = C4DBE8A02A41C158002987CB /* XCRemoteSwiftPackageReference "firebase-ios-sdk" */;
			productName = FirebaseStorage;
		};
		C4164D032A6A3513007B87E8 /* JGProgressHUD */ = {
			isa = XCSwiftPackageProductDependency;
			package = C4CC0BF42A46FA3E00E03758 /* XCRemoteSwiftPackageReference "JGProgressHUD" */;
			productName = JGProgressHUD;
		};
		C4164D052A6A3513007B87E8 /* SDWebImage */ = {
			isa = XCSwiftPackageProductDependency;
			package = C480BE332A5A5FDD00A1A7E5 /* XCRemoteSwiftPackageReference "SDWebImage" */;
			productName = SDWebImage;
		};
		C45413462A4A803E000D0685 /* FirebaseAuth */ = {
			isa = XCSwiftPackageProductDependency;
			package = C4DBE8A02A41C158002987CB /* XCRemoteSwiftPackageReference "firebase-ios-sdk" */;
			productName = FirebaseAuth;
		};
		C480BE2D2A5A581000A1A7E5 /* UnsplashPhotoPicker */ = {
			isa = XCSwiftPackageProductDependency;
			package = C480BE2C2A5A581000A1A7E5 /* XCRemoteSwiftPackageReference "unsplash-photopicker-ios" */;
			productName = UnsplashPhotoPicker;
		};
		C480BE342A5A5FDD00A1A7E5 /* SDWebImage */ = {
			isa = XCSwiftPackageProductDependency;
			package = C480BE332A5A5FDD00A1A7E5 /* XCRemoteSwiftPackageReference "SDWebImage" */;
			productName = SDWebImage;
		};
		C488C1832A669F40006853CC /* FirebaseAuth */ = {
			isa = XCSwiftPackageProductDependency;
			package = C4DBE8A02A41C158002987CB /* XCRemoteSwiftPackageReference "firebase-ios-sdk" */;
			productName = FirebaseAuth;
		};
		C488C1852A669F45006853CC /* FirebaseFirestore */ = {
			isa = XCSwiftPackageProductDependency;
			package = C4DBE8A02A41C158002987CB /* XCRemoteSwiftPackageReference "firebase-ios-sdk" */;
			productName = FirebaseFirestore;
		};
		C488C1872A66AF33006853CC /* FirebaseFirestoreSwift */ = {
			isa = XCSwiftPackageProductDependency;
			package = C4DBE8A02A41C158002987CB /* XCRemoteSwiftPackageReference "firebase-ios-sdk" */;
			productName = FirebaseFirestoreSwift;
		};
		C4CC0BF52A46FA3E00E03758 /* JGProgressHUD */ = {
			isa = XCSwiftPackageProductDependency;
			package = C4CC0BF42A46FA3E00E03758 /* XCRemoteSwiftPackageReference "JGProgressHUD" */;
			productName = JGProgressHUD;
		};
		C4DAD90F2A551EFB003D7A13 /* FirebaseCrashlytics */ = {
			isa = XCSwiftPackageProductDependency;
			package = C4DBE8A02A41C158002987CB /* XCRemoteSwiftPackageReference "firebase-ios-sdk" */;
			productName = FirebaseCrashlytics;
		};
		C4DBE8402A41B288002987CB /* TinyConstraints */ = {
			isa = XCSwiftPackageProductDependency;
			package = C4DBE83F2A41B288002987CB /* XCRemoteSwiftPackageReference "TinyConstraints" */;
			productName = TinyConstraints;
		};
		C4DBE89A2A41BD7B002987CB /* Cosmos */ = {
			isa = XCSwiftPackageProductDependency;
			package = C4DBE8992A41BD7B002987CB /* XCRemoteSwiftPackageReference "Cosmos" */;
			productName = Cosmos;
		};
		C4DBE8A12A41C158002987CB /* FirebaseFirestore */ = {
			isa = XCSwiftPackageProductDependency;
			package = C4DBE8A02A41C158002987CB /* XCRemoteSwiftPackageReference "firebase-ios-sdk" */;
			productName = FirebaseFirestore;
		};
		C4DBE8A32A41C158002987CB /* FirebaseFirestoreSwift */ = {
			isa = XCSwiftPackageProductDependency;
			package = C4DBE8A02A41C158002987CB /* XCRemoteSwiftPackageReference "firebase-ios-sdk" */;
			productName = FirebaseFirestoreSwift;
		};
		C4DBE8C32A42B363002987CB /* IQKeyboardManagerSwift */ = {
			isa = XCSwiftPackageProductDependency;
			package = C4DBE8C22A42B363002987CB /* XCRemoteSwiftPackageReference "IQKeyboardManager" */;
			productName = IQKeyboardManagerSwift;
		};
		C4EF99F82A5C051A00B1C4BC /* FirebaseStorage */ = {
			isa = XCSwiftPackageProductDependency;
			package = C4DBE8A02A41C158002987CB /* XCRemoteSwiftPackageReference "firebase-ios-sdk" */;
			productName = FirebaseStorage;
		};
/* End XCSwiftPackageProductDependency section */
	};
	rootObject = C4DBE8152A41AF62002987CB /* Project object */;
}
